{
  "version": "5",
  "specifiers": {
    "jsr:@cliffy/command@1.0.0": "1.0.0",
    "jsr:@cliffy/flags@1.0.0": "1.0.0",
    "jsr:@cliffy/internal@1.0.0": "1.0.0",
    "jsr:@cliffy/table@1.0.0": "1.0.0",
    "jsr:@std/assert@1.0.13": "1.0.13",
    "jsr:@std/assert@^1.0.17": "1.0.19",
    "jsr:@std/async@^1.1.0": "1.2.0",
    "jsr:@std/data-structures@^1.0.10": "1.0.10",
    "jsr:@std/fmt@^1.0.9": "1.0.9",
    "jsr:@std/fs@^1.0.22": "1.0.23",
    "jsr:@std/internal@^1.0.12": "1.0.12",
    "jsr:@std/internal@^1.0.6": "1.0.12",
    "jsr:@std/path@1.1.4": "1.1.4",
    "jsr:@std/path@^1.1.4": "1.1.4",
    "jsr:@std/semver@^1.0.8": "1.0.8",
    "jsr:@std/testing@1.0.17": "1.0.17",
    "jsr:@std/text@^1.0.17": "1.0.17",
    "jsr:@zip-js/zip-js@2.8.22": "2.8.22",
    "npm:@apidevtools/json-schema-ref-parser@11.9.3": "11.9.3",
    "npm:@aws-sdk/client-rds@3.1021.0": "3.1021.0",
    "npm:pluralize@8.0.0": "8.0.0",
    "npm:zod@4.3.6": "4.3.6"
  },
  "jsr": {
    "@cliffy/command@1.0.0": {
      "integrity": "c52a241ea68857fcdaff4f3173eb404f8017d7bc35553b6f533c592b89dde7d2",
      "dependencies": [
        "jsr:@cliffy/flags",
        "jsr:@cliffy/internal",
        "jsr:@cliffy/table",
        "jsr:@std/fmt",
        "jsr:@std/semver",
        "jsr:@std/text"
      ]
    },
    "@cliffy/flags@1.0.0": {
      "integrity": "8b57698adc644da8f90422d58976362d41a4ebca39c312ca1c101585d0148feb",
      "dependencies": [
        "jsr:@cliffy/internal",
        "jsr:@std/text"
      ]
    },
    "@cliffy/internal@1.0.0": {
      "integrity": "1e17ccbcd5420093c0a93e5b3827bbdc9abac5195bacf187edc44665e54bdde6"
    },
    "@cliffy/table@1.0.0": {
      "integrity": "3fdaa9e1ef1ea62022108adabd826932bdea8dd05497079896febcd41322907f",
      "dependencies": [
        "jsr:@std/fmt"
      ]
    },
    "@std/assert@1.0.13": {
      "integrity": "ae0d31e41919b12c656c742b22522c32fb26ed0cba32975cb0de2a273cb68b29",
      "dependencies": [
        "jsr:@std/internal@^1.0.6"
      ]
    },
    "@std/assert@1.0.19": {
      "integrity": "eaada96ee120cb980bc47e040f82814d786fe8162ecc53c91d8df60b8755991e",
      "dependencies": [
        "jsr:@std/internal@^1.0.12"
      ]
    },
    "@std/async@1.2.0": {
      "integrity": "c059c6f6d95ca7cc012ae8e8d7164d1697113d54b0b679e4372b354b11c2dee5"
    },
    "@std/data-structures@1.0.10": {
      "integrity": "f574f86b0e07c69b9edc555fcc814b57d29258bad39fd5a34ba8a80ecf033cfe"
    },
    "@std/fmt@1.0.9": {
      "integrity": "2487343e8899fb2be5d0e3d35013e54477ada198854e52dd05ed0422eddcabe0"
    },
    "@std/fs@1.0.23": {
      "integrity": "3ecbae4ce4fee03b180fa710caff36bb5adb66631c46a6460aaad49515565a37",
      "dependencies": [
        "jsr:@std/path@^1.1.4"
      ]
    },
    "@std/internal@1.0.12": {
      "integrity": "972a634fd5bc34b242024402972cd5143eac68d8dffaca5eaa4dba30ce17b027"
    },
    "@std/path@1.1.4": {
      "integrity": "1d2d43f39efb1b42f0b1882a25486647cb851481862dc7313390b2bb044314b5",
      "dependencies": [
        "jsr:@std/internal@^1.0.12"
      ]
    },
    "@std/semver@1.0.8": {
      "integrity": "dc830e8b8b6a380c895d53fbfd1258dc253704ca57bbe1629ac65fd7830179b7"
    },
    "@std/testing@1.0.17": {
      "integrity": "87bdc2700fa98249d48a17cd72413352d3d3680dcfbdb64947fd0982d6bbf681",
      "dependencies": [
        "jsr:@std/assert@^1.0.17",
        "jsr:@std/async",
        "jsr:@std/data-structures",
        "jsr:@std/fs",
        "jsr:@std/internal@^1.0.12",
        "jsr:@std/path@^1.1.4"
      ]
    },
    "@std/text@1.0.17": {
      "integrity": "4b2c4ef67ae5b6c1dfd447c81c83a43718f52e3c7e748d8b33f694aba9895f95"
    },
    "@zip-js/zip-js@2.8.22": {
      "integrity": "d8609d060d129c48f3e7d789909e101dfed04ed1e79c32ed0bb6f6aaa6693903"
    }
  },
  "npm": {
    "@apidevtools/json-schema-ref-parser@11.9.3": {
      "integrity": "sha512-60vepv88RwcJtSHrD6MjIL6Ta3SOYbgfnkHb+ppAVK+o9mXprRtulx7VlRl3lN3bbvysAfCS7WMVfhUYemB0IQ==",
      "dependencies": [
        "@jsdevtools/ono",
        "@types/json-schema",
        "js-yaml"
      ]
    },
    "@aws-crypto/crc32@5.2.0": {
      "integrity": "sha512-nLbCWqQNgUiwwtFsen1AdzAtvuLRsQS8rYgMuxCrdKf9kOssamGLuPwyTY9wyYblNr9+1XM8v6zoDTPPSIeANg==",
      "dependencies": [
        "@aws-crypto/util",
        "@aws-sdk/types",
        "tslib"
      ]
    },
    "@aws-crypto/sha256-browser@5.2.0": {
      "integrity": "sha512-AXfN/lGotSQwu6HNcEsIASo7kWXZ5HYWvfOmSNKDsEqC4OashTp8alTmaz+F7TC2L083SFv5RdB+qU3Vs1kZqw==",
      "dependencies": [
        "@aws-crypto/sha256-js",
        "@aws-crypto/supports-web-crypto",
        "@aws-crypto/util",
        "@aws-sdk/types",
        "@aws-sdk/util-locate-window",
        "@smithy/util-utf8@2.3.0",
        "tslib"
      ]
    },
    "@aws-crypto/sha256-js@5.2.0": {
      "integrity": "sha512-FFQQyu7edu4ufvIZ+OadFpHHOt+eSTBaYaki44c+akjg7qZg9oOQeLlk77F6tSYqjDAFClrHJk9tMf0HdVyOvA==",
      "dependencies": [
        "@aws-crypto/util",
        "@aws-sdk/types",
        "tslib"
      ]
    },
    "@aws-crypto/supports-web-crypto@5.2.0": {
      "integrity": "sha512-iAvUotm021kM33eCdNfwIN//F77/IADDSs58i+MDaOqFrVjZo9bAal0NK7HurRuWLLpF1iLX7gbWrjHjeo+YFg==",
      "dependencies": [
        "tslib"
      ]
    },
    "@aws-crypto/util@5.2.0": {
      "integrity": "sha512-4RkU9EsI6ZpBve5fseQlGNUWKMa1RLPQ1dnjnQoe07ldfIzcsGb5hC5W0Dm7u423KWzawlrpbjXBrXCEv9zazQ==",
      "dependencies": [
        "@aws-sdk/types",
        "@smithy/util-utf8@2.3.0",
        "tslib"
      ]
    },
    "@aws-sdk/client-rds@3.1021.0": {
      "integrity": "sha512-53+ZOQdSdQXCbmgZ7OmUY3sM8PHNi9hoCS1irKqvrfwPVnl+RZX7nf/641wE0McCmbPez0fFZefxGX58YBqmjw==",
      "dependencies": [
        "@aws-crypto/sha256-browser",
        "@aws-crypto/sha256-js",
        "@aws-sdk/core",
        "@aws-sdk/credential-provider-node",
        "@aws-sdk/middleware-host-header",
        "@aws-sdk/middleware-logger",
        "@aws-sdk/middleware-recursion-detection",
        "@aws-sdk/middleware-sdk-rds",
        "@aws-sdk/middleware-user-agent",
        "@aws-sdk/region-config-resolver",
        "@aws-sdk/types",
        "@aws-sdk/util-endpoints",
        "@aws-sdk/util-user-agent-browser",
        "@aws-sdk/util-user-agent-node",
        "@smithy/config-resolver",
        "@smithy/core",
        "@smithy/fetch-http-handler",
        "@smithy/hash-node",
        "@smithy/invalid-dependency",
        "@smithy/middleware-content-length",
        "@smithy/middleware-endpoint",
        "@smithy/middleware-retry",
        "@smithy/middleware-serde",
        "@smithy/middleware-stack",
        "@smithy/node-config-provider",
        "@smithy/node-http-handler",
        "@smithy/protocol-http",
        "@smithy/smithy-client",
        "@smithy/types",
        "@smithy/url-parser",
        "@smithy/util-base64",
        "@smithy/util-body-length-browser",
        "@smithy/util-body-length-node",
        "@smithy/util-defaults-mode-browser",
        "@smithy/util-defaults-mode-node",
        "@smithy/util-endpoints",
        "@smithy/util-middleware",
        "@smithy/util-retry",
        "@smithy/util-utf8@4.3.2",
        "@smithy/util-waiter",
        "tslib"
      ]
    },
    "@aws-sdk/core@3.974.9": {
      "integrity": "sha512-bXxosFunr+v/kqNb99r1NRkrVBha7CG036fRSpWGbC1A/e363XFQN6wcZMx7MYTdRr1tYwNnkrWX2xc1rT3BCQ==",
      "dependencies": [
        "@aws-sdk/types",
        "@aws-sdk/xml-builder",
        "@smithy/core",
        "@smithy/signature-v4",
        "@smithy/types",
        "tslib"
      ]
    },
    "@aws-sdk/credential-provider-env@3.972.35": {
      "integrity": "sha512-WkFQ8BedszVomhh/Zzs8WwnE/XBmTqZjoQVB8u/4zH6kZCjouXZpPpb93gD8m0EZmzAl7dxHE/y+yDpuKzNCMw==",
      "dependencies": [
        "@aws-sdk/core",
        "@aws-sdk/types",
        "@smithy/core",
        "@smithy/types",
        "tslib"
      ]
    },
    "@aws-sdk/credential-provider-http@3.972.37": {
      "integrity": "sha512-ylx0ZJTU+2eNcvXQ69VNR3TVSYa/ibpvdK717/NxqR9aXRMn2QRWZaiI8aa5yY/fOWZ5mknSmxGaVxxtdwv3EA==",
      "dependencies": [
        "@aws-sdk/core",
        "@aws-sdk/types",
        "@smithy/core",
        "@smithy/fetch-http-handler",
        "@smithy/node-http-handler",
        "@smithy/types",
        "tslib"
      ]
    },
    "@aws-sdk/credential-provider-ini@3.972.39": {
      "integrity": "sha512-QhRSrdkk+Gq0AFIylpiI0N6lcJqFYV9Jtr4Luz5FpYOYbjJSfyTG6iLhnK/UPIgN1Jnon8WAmSC//16XYGvwkA==",
      "dependencies": [
        "@aws-sdk/core",
        "@aws-sdk/credential-provider-env",
        "@aws-sdk/credential-provider-http",
        "@aws-sdk/credential-provider-login",
        "@aws-sdk/credential-provider-process",
        "@aws-sdk/credential-provider-sso",
        "@aws-sdk/credential-provider-web-identity",
        "@aws-sdk/nested-clients",
        "@aws-sdk/types",
        "@smithy/core",
        "@smithy/credential-provider-imds",
        "@smithy/types",
        "tslib"
      ]
    },
    "@aws-sdk/credential-provider-login@3.972.39": {
      "integrity": "sha512-1hU0NtC04QbFIuoBuF4aQ2A97GsSE5/A0ZJpDijwexsBREIQ4KPRYl3v/FfKCPBYsaTeGjkOFx5nLhWHY24LOw==",
      "dependencies": [
        "@aws-sdk/core",
        "@aws-sdk/nested-clients",
        "@aws-sdk/types",
        "@smithy/core",
        "@smithy/types",
        "tslib"
      ]
    },
    "@aws-sdk/credential-provider-node@3.972.40": {
      "integrity": "sha512-ZgrQaGkpyTlVSCCsffzijVg+KgftTAWYvI5Otc36J/4jNiHb+7MmBiJIR0a5AHLvifC92PiYHt5pijP0dswd1w==",
      "dependencies": [
        "@aws-sdk/credential-provider-env",
        "@aws-sdk/credential-provider-http",
        "@aws-sdk/credential-provider-ini",
        "@aws-sdk/credential-provider-process",
        "@aws-sdk/credential-provider-sso",
        "@aws-sdk/credential-provider-web-identity",
        "@aws-sdk/types",
        "@smithy/core",
        "@smithy/credential-provider-imds",
        "@smithy/types",
        "tslib"
      ]
    },
    "@aws-sdk/credential-provider-process@3.972.35": {
      "integrity": "sha512-hNj1rAwZWT1vfz54BwH8FUWxZuqStrM25Q5LEIwn2erHPMRVAjLlpZqEbCEEqS99eEEOhdeetnS0WeNa3iYeEQ==",
      "dependencies": [
        "@aws-sdk/core",
        "@aws-sdk/types",
        "@smithy/core",
        "@smithy/types",
        "tslib"
      ]
    },
    "@aws-sdk/credential-provider-sso@3.972.39": {
      "integrity": "sha512-mwIPNPldyCZkvHozb6E0X/vuQLN1UCjcA6MwUf1gaO7EwghCmuNZXatq0L3zptKFvPC4Nds7+WFUkifI1XmbSw==",
      "dependencies": [
        "@aws-sdk/core",
        "@aws-sdk/nested-clients",
        "@aws-sdk/token-providers",
        "@aws-sdk/types",
        "@smithy/core",
        "@smithy/types",
        "tslib"
      ]
    },
    "@aws-sdk/credential-provider-web-identity@3.972.39": {
      "integrity": "sha512-b9HT8CnpyPVn1hU14Q7ihjwSPlRzToYmRYJxRd5jNHEZ43lrIhoLaTT8JmfQQt5j5M8rTX1iN1X8mvu0SM1dXA==",
      "dependencies": [
        "@aws-sdk/core",
        "@aws-sdk/nested-clients",
        "@aws-sdk/types",
        "@smithy/core",
        "@smithy/types",
        "tslib"
      ]
    },
    "@aws-sdk/middleware-host-header@3.972.11": {
      "integrity": "sha512-CBC6+tVYaOJo7QXgN1zJ4Ba2f3/Cpy4eRViYFimXW/O5Mn8hBmgXXzHu4vy4ubT80YWnp8aCFygr7dTOa14yQg==",
      "dependencies": [
        "@aws-sdk/types",
        "@smithy/core",
        "@smithy/types",
        "tslib"
      ]
    },
    "@aws-sdk/middleware-logger@3.972.10": {
      "integrity": "sha512-OOuGvvz1Dm20SjZo5oEBePFqxt5nf8AwkNDSyUHvD9/bfNASmstcYxFAHUowy4n6Io7mWUZ04JURZwSBvyQanQ==",
      "dependencies": [
        "@aws-sdk/types",
        "@smithy/types",
        "tslib"
      ]
    },
    "@aws-sdk/middleware-recursion-detection@3.972.12": {
      "integrity": "sha512-5eltYxKB4MfdQv7/VhWxRbAVQKow5dz9votRFigTYrWJHMQXwLMltlbk7KFWSZh5NDBySfmjT7Jv/DWfYCmDng==",
      "dependencies": [
        "@aws-sdk/types",
        "@aws/lambda-invoke-store",
        "@smithy/core",
        "@smithy/types",
        "tslib"
      ]
    },
    "@aws-sdk/middleware-sdk-rds@3.972.22": {
      "integrity": "sha512-KTVGJ97G+cqFE9+Wgc/jMTqPFuZq0TTynw5kP43VDN1miiAvYUSf6kitBnmLCo1ayHGrlKQHpjE+fM5TL/BhJQ==",
      "dependencies": [
        "@aws-sdk/types",
        "@aws-sdk/util-format-url",
        "@smithy/middleware-endpoint",
        "@smithy/protocol-http",
        "@smithy/signature-v4",
        "@smithy/types",
        "tslib"
      ]
    },
    "@aws-sdk/middleware-user-agent@3.972.39": {
      "integrity": "sha512-MlNSvNsSVlMKKWaCzA0GP1nS4Cuq3WCXUN1vmMvd+Ctztib5kmRcpmTtKx9kikN8szAc+gcdp7uqJJervV2nQg==",
      "dependencies": [
        "@aws-sdk/core",
        "@aws-sdk/types",
        "@aws-sdk/util-endpoints",
        "@smithy/core",
        "@smithy/types",
        "tslib"
      ]
    },
    "@aws-sdk/nested-clients@3.997.7": {
      "integrity": "sha512-jT2AXOODobQfTYGC2SChMSnZ/voIcRV/LHlY1suyhY1bdgP/voKkhEg8Ci1jiGQ4lBiaso5BEAV3ZWWpPTfmYA==",
      "dependencies": [
        "@aws-crypto/sha256-browser",
        "@aws-crypto/sha256-js",
        "@aws-sdk/core",
        "@aws-sdk/middleware-host-header",
        "@aws-sdk/middleware-logger",
        "@aws-sdk/middleware-recursion-detection",
        "@aws-sdk/middleware-user-agent",
        "@aws-sdk/region-config-resolver",
        "@aws-sdk/signature-v4-multi-region",
        "@aws-sdk/types",
        "@aws-sdk/util-endpoints",
        "@aws-sdk/util-user-agent-browser",
        "@aws-sdk/util-user-agent-node",
        "@smithy/core",
        "@smithy/fetch-http-handler",
        "@smithy/node-http-handler",
        "@smithy/types",
        "tslib"
      ]
    },
    "@aws-sdk/region-config-resolver@3.972.14": {
      "integrity": "sha512-VuLXVmm7+lKVxqFcOItPkXhjbJ02iUfxkxheRu41SfWf6/xrZup2A2SwHZos/LeQGu3SBHeqTQht80Uo3ienPA==",
      "dependencies": [
        "@aws-sdk/types",
        "@smithy/core",
        "@smithy/types",
        "tslib"
      ]
    },
    "@aws-sdk/signature-v4-multi-region@3.996.26": {
      "integrity": "sha512-2N62veqdMZBCwQUHsbhtnaovOFjOa5Dn3dAD1nRqFTUXR4QmirT3HZnfus/L1DS08Vm5CkoKmL0iMVt6YbqEag==",
      "dependencies": [
        "@aws-sdk/types",
        "@smithy/core",
        "@smithy/signature-v4",
        "@smithy/types",
        "tslib"
      ]
    },
    "@aws-sdk/token-providers@3.1046.0": {
      "integrity": "sha512-9je8nZt+ntB8IjhpGNayU/AkBgvq/f4aFO2bH1LSNC5JX6K8zY4LUnr/ymqunePrwq+B5OVBpL7ILjYzMFSZAw==",
      "dependencies": [
        "@aws-sdk/core",
        "@aws-sdk/nested-clients",
        "@aws-sdk/types",
        "@smithy/core",
        "@smithy/types",
        "tslib"
      ]
    },
    "@aws-sdk/types@3.973.8": {
      "integrity": "sha512-gjlAdtHMbtR9X5iIhVUvbVcy55KnznpC6bkDUWW9z915bi0ckdUr5cjf16Kp6xq0bP5HBD2xzgbL9F9Quv5vUw==",
      "dependencies": [
        "@smithy/types",
        "tslib"
      ]
    },
    "@aws-sdk/util-endpoints@3.996.9": {
      "integrity": "sha512-ibx8Vd73rCTHekNGeXX8cpGWoBKbNAlwKHL3yjSxxttu5QnNDaSAM7/0MFYDjU31/F4lyrPoQcGirT0ew61xcg==",
      "dependencies": [
        "@aws-sdk/types",
        "@smithy/core",
        "@smithy/types",
        "tslib"
      ]
    },
    "@aws-sdk/util-format-url@3.972.10": {
      "integrity": "sha512-DEKiHNJVtNxdyTeQspzY+15Po/kHm6sF0Cs4HV9Q2+lplB63+DrvdeiSoOSdWEWAoO2RcY1veoXVDz2tWxWCgQ==",
      "dependencies": [
        "@aws-sdk/types",
        "@smithy/querystring-builder",
        "@smithy/types",
        "tslib"
      ]
    },
    "@aws-sdk/util-locate-window@3.965.5": {
      "integrity": "sha512-WhlJNNINQB+9qtLtZJcpQdgZw3SCDCpXdUJP7cToGwHbCWCnRckGlc6Bx/OhWwIYFNAn+FIydY8SZ0QmVu3xTQ==",
      "dependencies": [
        "tslib"
      ]
    },
    "@aws-sdk/util-user-agent-browser@3.972.11": {
      "integrity": "sha512-kq3RS6XQtHMrLFShbkem6h+8fxazB3jEIsbMC6aaSInOciRGE+eGAqTgJ+obO7Euo/pjM8thVqLiLISEH9X9DA==",
      "dependencies": [
        "@aws-sdk/types",
        "@smithy/types",
        "bowser",
        "tslib"
      ]
    },
    "@aws-sdk/util-user-agent-node@3.973.25": {
      "integrity": "sha512-066hKH/0nvV7x4ofV/iK9kz8r/qNfcR6rzuEOFqI2vQL/fcTTsDAbTw0jmXkyMzANK8ltQdALj19ns3zuOJiUw==",
      "dependencies": [
        "@aws-sdk/middleware-user-agent",
        "@aws-sdk/types",
        "@smithy/core",
        "@smithy/types",
        "tslib"
      ]
    },
    "@aws-sdk/xml-builder@3.972.23": {
      "integrity": "sha512-A0YmgYFv+hTI9c17Ntvd2hSehm9bmJfkb+ggADBwVKA8H/3+Jx94SzR2qOB9bAA9WFeDqnfz9PKKQ+D+YAKomA==",
      "dependencies": [
        "@nodable/entities",
        "@smithy/types",
        "fast-xml-parser",
        "tslib"
      ]
    },
    "@aws/lambda-invoke-store@0.2.4": {
      "integrity": "sha512-iY8yvjE0y651BixKNPgmv1WrQc+GZ142sb0z4gYnChDDY2YqI4P/jsSopBWrKfAt7LOJAkOXt7rC/hms+WclQQ=="
    },
    "@jsdevtools/ono@7.1.3": {
      "integrity": "sha512-4JQNk+3mVzK3xh2rqd6RB4J46qUR19azEHBneZyTZM+c456qOrbbM/5xcR8huNCCcbVt7+UmizG6GuUvPvKUYg=="
    },
    "@nodable/entities@2.1.0": {
      "integrity": "sha512-nyT7T3nbMyBI/lvr6L5TyWbFJAI9FTgVRakNoBqCD+PmID8DzFrrNdLLtHMwMszOtqZa8PAOV24ZqDnQrhQINA=="
    },
    "@smithy/config-resolver@4.5.1": {
      "integrity": "sha512-abXk3LhODsvRHsk0ZS9ztrg/fZatTa9Z/z4pgx65YSLR+rY6kvUG/1IgcDKEUciR8MfdnkT5oPeHJTy/HhzDIQ==",
      "dependencies": [
        "@smithy/core",
        "tslib"
      ]
    },
    "@smithy/core@3.24.2": {
      "integrity": "sha512-IKS7qX59fAGCYBmt5JChcDswQDupZqT2Yn2ZBA3UgTlsjRNNkQzZobbn95xoAAdtTyJmBiJB3Y02qR3rgy3Zog==",
      "dependencies": [
        "@aws-crypto/crc32",
        "@smithy/types",
        "tslib"
      ]
    },
    "@smithy/credential-provider-imds@4.3.2": {
      "integrity": "sha512-iYr9ekBjmZ+FwkiHEopqGscBbl78X62cq3p5Dd0eC+gNd7fybNZFQQdDuOQjTVmFymleuA8YRWZnuXWZ8B3kKA==",
      "dependencies": [
        "@smithy/core",
        "@smithy/types",
        "tslib"
      ]
    },
    "@smithy/fetch-http-handler@5.4.2": {
      "integrity": "sha512-3wF40g8OOCA5BnwQUvwtzZqYBbWWftDjpAlWIUo6Yld3ZzJaMAKqg7MWQBPjE8oLaqvZQUE7tVGlZPsae6A4bQ==",
      "dependencies": [
        "@smithy/core",
        "@smithy/types",
        "tslib"
      ]
    },
    "@smithy/hash-node@4.3.1": {
      "integrity": "sha512-u0/zo11mg7yNneoYgTkH4sXwSmcBpbl49o4UNCtQ7hYsXxynsN25KYHmXzqi7TPk5HQL5klGnpU5koOY0O+9hw==",
      "dependencies": [
        "@smithy/core",
        "tslib"
      ]
    },
    "@smithy/invalid-dependency@4.3.1": {
      "integrity": "sha512-cLmwtDoulyZvRepAfyV+3rx5oMvuh51dbE+6En3vGC09j3uVSRt1U4oguNu32ub3soGX0oYtBs8E7S2Q4SxTqg==",
      "dependencies": [
        "@smithy/core",
        "tslib"
      ]
    },
    "@smithy/is-array-buffer@2.2.0": {
      "integrity": "sha512-GGP3O9QFD24uGeAXYUjwSTXARoqpZykHadOmA8G5vfJPK0/DC67qa//0qvqrJzL1xc8WQWX7/yc7fwudjPHPhA==",
      "dependencies": [
        "tslib"
      ]
    },
    "@smithy/middleware-content-length@4.3.1": {
      "integrity": "sha512-l4BUIP+wljW/Ar+0/QcGdmElI9lalrywfzNijXMBG34Z510FRzPyrDLx/blNTZOAm0C4Mvx5t/bf760CZo1ajg==",
      "dependencies": [
        "@smithy/core",
        "tslib"
      ]
    },
    "@smithy/middleware-endpoint@4.5.1": {
      "integrity": "sha512-qtqu5TS+8Y18ZDkJoiXN5AMW1G4JAg1+xytzpsUvIR5a4EUsgd5HQg12lekEHWpm2TDUmOgg+hBaHK7dvyWdkA==",
      "dependencies": [
        "@smithy/core",
        "tslib"
      ]
    },
    "@smithy/middleware-retry@4.6.1": {
      "integrity": "sha512-eTaQhxs0rfUuAkL2MSKrH8DTO7YCeAgrdN0B2/RAeuHmXQ+x52dk5qUBsi/jtcqe5LxItgq5AG5tI6Cp8c0sow==",
      "dependencies": [
        "@smithy/core",
        "tslib"
      ]
    },
    "@smithy/middleware-serde@4.3.1": {
      "integrity": "sha512-t7YtUe076zWVypVmy1rX91oKi2TFJCkpfFpfMhJFpEIRPP0iL9JxjeSyFQ+1bF45JUfDzOzslUJa150WcSrBug==",
      "dependencies": [
        "@smithy/core",
        "tslib"
      ]
    },
    "@smithy/middleware-stack@4.3.1": {
      "integrity": "sha512-1jKwiKZxCMQNqmp4uVPYA6r+MLGjEtH07gnOUdPgbnjuOIrl/0JY/ICdpQtFgeBsQ/Up01gnSv8GYEL0fb8yvg==",
      "dependencies": [
        "@smithy/core",
        "tslib"
      ]
    },
    "@smithy/node-config-provider@4.4.1": {
      "integrity": "sha512-q7tDJEJXcaSG/8TVpu2f2l9bzxTzDM9geWmltbzsY6Hfh3yiuXXTpLIO8+zwYASPPVFaTJpdKwjSSjdoDoccgw==",
      "dependencies": [
        "@smithy/core",
        "tslib"
      ]
    },
    "@smithy/node-http-handler@4.7.2": {
      "integrity": "sha512-EdksTZ8UXYxGUgQ4mpIKrHoaj9WVGsp66TpZuixLAz1Jex8YDLnS4RH9ktGED5aOpN0OJlEtrsC9IGt76go1eA==",
      "dependencies": [
        "@smithy/core",
        "@smithy/types",
        "tslib"
      ]
    },
    "@smithy/protocol-http@5.4.1": {
      "integrity": "sha512-8irPNCQgYxcSFp1aGcnDNFkTwSA+xPUaFq9V/v1+JXWu8sKr5b3cFmg2kBTkjkvypDmGeNffuNu0x5iqw1NoAw==",
      "dependencies": [
        "@smithy/core",
        "tslib"
      ]
    },
    "@smithy/querystring-builder@4.3.1": {
      "integrity": "sha512-toyi8sXPWDNoVH6yK7sXJ9dm5uxw2tWLCHzPy/t16Fvl62Es4vXQXzlilyNaw+DqFwxSlrFClh0rGLPUF2p9Lg==",
      "dependencies": [
        "@smithy/core",
        "tslib"
      ]
    },
    "@smithy/signature-v4@5.4.2": {
      "integrity": "sha512-1km1OjdLRFuITWpCPofjFqzZ+tbeWuB72ZhcYjbjkCxZ21tTPfIs4GUxRrelMyKMLxLghGD58RENnXorU/O8cw==",
      "dependencies": [
        "@smithy/core",
        "@smithy/types",
        "tslib"
      ]
    },
    "@smithy/smithy-client@4.13.1": {
      "integrity": "sha512-IcznNM8Qd9u1X3oflp12tkzyOB4HbT+sfYWlWiyEysgNzSHoWcHUUsTT4y1jjDjtVuuVVQbYks+g1kVd7u1eGQ==",
      "dependencies": [
        "@smithy/core",
        "@smithy/types",
        "tslib"
      ]
    },
    "@smithy/types@4.14.1": {
      "integrity": "sha512-59b5HtSVrVR/eYNei3BUj3DCPKD/G7EtDDe7OEJE7i7FtQFugYo6MxbotS8mVJkLNVf8gYaAlEBwwtJ9HzhWSg==",
      "dependencies": [
        "tslib"
      ]
    },
    "@smithy/url-parser@4.3.1": {
      "integrity": "sha512-tuelFlF2PZR/wogFC58NIrPOv+Zna4N1+3kA161/33D1Gbwvl6Nh4WsAsW05ZyPp0O6CMGsdbb0S2b/qVjRMCw==",
      "dependencies": [
        "@smithy/core",
        "tslib"
      ]
    },
    "@smithy/util-base64@4.4.1": {
      "integrity": "sha512-fTHiwW2xbiRiWzfSk4IGAr3gNZCH4fuRYqt8+IuarsP/YON35576iVdePraZ6yJlFxlCL0eMec3/F7xYqoKzlg==",
      "dependencies": [
        "@smithy/core",
        "tslib"
      ]
    },
    "@smithy/util-body-length-browser@4.3.1": {
      "integrity": "sha512-1scg5t4nV3hV7CZs996/XHb80aDZ5YotH4NcvkW/w/rHj+cSz0aCIzwz8aUNKB4nCDPSHRCbrKoj+TvycYefmw==",
      "dependencies": [
        "@smithy/core",
        "tslib"
      ]
    },
    "@smithy/util-body-length-node@4.3.1": {
      "integrity": "sha512-VRC8MKVPKrgUYThTA7ughcKMfjW6/X92H0wXGJoda0Apw4O5xbXL0GMLz40DTWlsb5hh2iItk6+XL72uJdxYcw==",
      "dependencies": [
        "@smithy/core",
        "tslib"
      ]
    },
    "@smithy/util-buffer-from@2.2.0": {
      "integrity": "sha512-IJdWBbTcMQ6DA0gdNhh/BwrLkDR+ADW5Kr1aZmd4k3DIF6ezMV4R2NIAmT08wQJ3yUK82thHWmC/TnK/wpMMIA==",
      "dependencies": [
        "@smithy/is-array-buffer",
        "tslib"
      ]
    },
    "@smithy/util-defaults-mode-browser@4.4.1": {
      "integrity": "sha512-1rA7w+LjK1WJClsffC81Z/ZtjFt22QsKhBjUYEnZsGVS2nOTfOENKBzdg4SxhdwFvBCjcbpjscUfXOPwE3UHWQ==",
      "dependencies": [
        "@smithy/core",
        "tslib"
      ]
    },
    "@smithy/util-defaults-mode-node@4.3.1": {
      "integrity": "sha512-1fk1wfQHBenQD5NitVKOFgW0wsISYAFPIXGyStJWAeCtMyRhgHYvtJxBk2rwGWA0L5QX6oM6yeHSLKPFMk59ww==",
      "dependencies": [
        "@smithy/core",
        "tslib"
      ]
    },
    "@smithy/util-endpoints@3.5.1": {
      "integrity": "sha512-yORYzJD5zoGbSDkAACr0dIjDiSEA3X8h8lggDENl1dkKpCG0TQIoItPBqtvuJHzFFjRXumcoH+/09xIuixGyCw==",
      "dependencies": [
        "@smithy/core",
        "tslib"
      ]
    },
    "@smithy/util-middleware@4.3.1": {
      "integrity": "sha512-SRRMDcIgVXVhVbxviBaSZbuWuVW3jD08wv4ESV0V2oiw0Mki8TPVQ5IxwD3MvSTPg52QYsRP+JoMw5WdUdeWAg==",
      "dependencies": [
        "@smithy/core",
        "tslib"
      ]
    },
    "@smithy/util-retry@4.4.1": {
      "integrity": "sha512-qkgWgwn1xw0GoY9Ea/B6FrYSPfHA0zyOtJkokwxZuvucRf2+2lfTut6adi4e4Y7LEAaxsFG7r6i05mtDCxbHKA==",
      "dependencies": [
        "@smithy/core",
        "tslib"
      ]
    },
    "@smithy/util-utf8@2.3.0": {
      "integrity": "sha512-R8Rdn8Hy72KKcebgLiv8jQcQkXoLMOGGv5uI1/k0l+snqkOzQ1R0ChUBCxWMlBsFMekWjq0wRudIweFs7sKT5A==",
      "dependencies": [
        "@smithy/util-buffer-from",
        "tslib"
      ]
    },
    "@smithy/util-utf8@4.3.2": {
      "integrity": "sha512-Bswgu9zDwZRp5HBQKIaW6QrKrbwQ9RuOyAg2adsIjJTHA2SmE0XXBk+mYP82Ay6I3XzkY5lM7K9R0XZDFzJ3tw==",
      "dependencies": [
        "@smithy/core",
        "tslib"
      ]
    },
    "@smithy/util-waiter@4.4.1": {
      "integrity": "sha512-G/gWDykZNL0NVcd1qXkoKm45jxJECp6q53DSomM5QKMsyAMEsGksVq+HwgonqYxfFJEzzHi6ljtWKXVS1pl0/Q==",
      "dependencies": [
        "@smithy/core",
        "tslib"
      ]
    },
    "@types/json-schema@7.0.15": {
      "integrity": "sha512-5+fP8P8MFNC+AyZCDxrB2pkZFPGzqQWUzpSeuuVLvm8VMcorNYavBqoFcxK8bQz4Qsbn4oUEEem4wDLfcysGHA=="
    },
    "argparse@2.0.1": {
      "integrity": "sha512-8+9WqebbFzpX9OR+Wa6O29asIogeRMzcGtAINdpMHHyAg10f05aSFVBbcEqGf/PXw1EjAZ+q2/bEBg3DvurK3Q=="
    },
    "bowser@2.14.1": {
      "integrity": "sha512-tzPjzCxygAKWFOJP011oxFHs57HzIhOEracIgAePE4pqB3LikALKnSzUyU4MGs9/iCEUuHlAJTjTc5M+u7YEGg=="
    },
    "fast-xml-builder@1.2.0": {
      "integrity": "sha512-00aAWieqff+ZJhsXA4g1g7M8k+7AYoMUUHF+/zFb5U6Uv/P0Vl4QZo84/IcufzYalLuEj9928bXN9PbbFzMF0Q==",
      "dependencies": [
        "path-expression-matcher",
        "xml-naming"
      ]
    },
    "fast-xml-parser@5.7.2": {
      "integrity": "sha512-P7oW7tLbYnhOLQk/Gv7cZgzgMPP/XN03K02/Jy6Y/NHzyIAIpxuZIM/YqAkfiXFPxA2CTm7NtCijK9EDu09u2w==",
      "dependencies": [
        "@nodable/entities",
        "fast-xml-builder",
        "path-expression-matcher",
        "strnum"
      ],
      "bin": true
    },
    "js-yaml@4.1.1": {
      "integrity": "sha512-qQKT4zQxXl8lLwBtHMWwaTcGfFOZviOJet3Oy/xmGk2gZH677CJM9EvtfdSkgWcATZhj/55JZ0rmy3myCT5lsA==",
      "dependencies": [
        "argparse"
      ],
      "bin": true
    },
    "path-expression-matcher@1.5.0": {
      "integrity": "sha512-cbrerZV+6rvdQrrD+iGMcZFEiiSrbv9Tfdkvnusy6y0x0GKBXREFg/Y65GhIfm0tnLntThhzCnfKwp1WRjeCyQ=="
    },
    "pluralize@8.0.0": {
      "integrity": "sha512-Nc3IT5yHzflTfbjgqWcCPpo7DaKy4FnpB0l/zCAW0Tc7jxAiuqSxHasntB3D7887LSrA93kDJ9IXovxJYxyLCA=="
    },
    "strnum@2.3.0": {
      "integrity": "sha512-ums3KNd42PGyx5xaoVTO1mjU1bH3NpY4vsrVlnv9PNGqQj8wd7rJ6nEypLrJ7z5vxK5RP0yMLo6J/Gsm62DI5Q=="
    },
    "tslib@2.8.1": {
      "integrity": "sha512-oJFu94HQb+KVduSUQL7wnpmqnfmLsOA/nAh6b6EH0wCEoK0/mPeXU6c3wKDV83MkOuHPRHtSXKKU99IBazS/2w=="
    },
    "xml-naming@0.1.0": {
      "integrity": "sha512-k8KO9hrMyNk6tUWqUfkTEZbezRRpONVOzUTnc97VnCvyj6Tf9lyUR9EDAIeiVLv56jsMcoXEwjW8Kv5yPY52lw=="
    },
    "zod@4.3.6": {
      "integrity": "sha512-rftlrkhHZOcjDwkGlnUtZZkvaPHCsDATp4pGpuOOMDaTdDDXF91wuVDJoWoPsKX/3YPQ5fHuF3STjcYyKr+Qhg=="
    }
  },
  "workspace": {
    "dependencies": [
      "jsr:@cliffy/command@1.0.0",
      "jsr:@std/assert@1.0.13",
      "jsr:@std/path@1.1.4",
      "jsr:@std/testing@1.0.17",
      "jsr:@zip-js/zip-js@2.8.22",
      "npm:@apidevtools/json-schema-ref-parser@11.9.3",
      "npm:pluralize@8.0.0"
    ]
  }
}
