{
  "version": "5",
  "specifiers": {
    "jsr:@cliffy/command@1.0.0": "1.0.0",
    "jsr:@cliffy/flags@1.0.0": "1.0.0",
    "jsr:@cliffy/internal@1.0.0": "1.0.0",
    "jsr:@cliffy/table@1.0.0": "1.0.0",
    "jsr:@std/assert@1": "1.0.19",
    "jsr:@std/assert@1.0.13": "1.0.13",
    "jsr:@std/assert@^1.0.17": "1.0.19",
    "jsr:@std/async@^1.1.0": "1.2.0",
    "jsr:@std/data-structures@^1.0.10": "1.0.10",
    "jsr:@std/fmt@^1.0.9": "1.0.9",
    "jsr:@std/fs@^1.0.22": "1.0.23",
    "jsr:@std/internal@^1.0.12": "1.0.12",
    "jsr:@std/internal@^1.0.6": "1.0.12",
    "jsr:@std/path@1.1.4": "1.1.4",
    "jsr:@std/path@^1.1.4": "1.1.4",
    "jsr:@std/semver@^1.0.8": "1.0.8",
    "jsr:@std/testing@1.0.17": "1.0.17",
    "jsr:@std/text@^1.0.17": "1.0.17",
    "jsr:@zip-js/zip-js@2.8.22": "2.8.22",
    "npm:@apidevtools/json-schema-ref-parser@11.9.3": "11.9.3",
    "npm:@aws-sdk/client-bedrock-agent-runtime@3.1090.0": "3.1090.0",
    "npm:@aws-sdk/client-bedrock-agent-runtime@3.1127.0": "3.1127.0",
    "npm:@aws-sdk/client-bedrock-agent-runtime@3.1147.0": "3.1147.0",
    "npm:@aws-sdk/client-cloudcontrol@3.1021.0": "3.1021.0",
    "npm:@aws-sdk/client-cloudcontrol@3.1090.0": "3.1090.0",
    "npm:@aws-sdk/client-cloudcontrol@3.1127.0": "3.1127.0",
    "npm:@aws-sdk/client-cloudcontrol@3.1147.0": "3.1147.0",
    "npm:@aws-sdk/client-cloudformation@3.1021.0": "3.1021.0",
    "npm:@aws-sdk/client-cloudformation@3.1090.0": "3.1090.0",
    "npm:@aws-sdk/client-cloudformation@3.1127.0": "3.1127.0",
    "npm:@aws-sdk/client-cloudformation@3.1147.0": "3.1147.0",
    "npm:@aws-sdk/client-eventbridge@3.1127.0": "3.1127.0",
    "npm:@aws-sdk/client-eventbridge@3.1147.0": "3.1147.0",
    "npm:@aws-sdk/client-rds@3.1021.0": "3.1021.0",
    "npm:@smithy/node-http-handler@4.9.7": "4.9.7",
    "npm:fast-json-patch@3.1.1": "3.1.1",
    "npm:pluralize@8.0.0": "8.0.0",
    "npm:zod@4.3.6": "4.3.6"
  },
  "jsr": {
    "@cliffy/command@1.0.0": {
      "integrity": "c52a241ea68857fcdaff4f3173eb404f8017d7bc35553b6f533c592b89dde7d2",
      "dependencies": [
        "jsr:@cliffy/flags",
        "jsr:@cliffy/internal",
        "jsr:@cliffy/table",
        "jsr:@std/fmt",
        "jsr:@std/semver",
        "jsr:@std/text"
      ]
    },
    "@cliffy/flags@1.0.0": {
      "integrity": "8b57698adc644da8f90422d58976362d41a4ebca39c312ca1c101585d0148feb",
      "dependencies": [
        "jsr:@cliffy/internal",
        "jsr:@std/text"
      ]
    },
    "@cliffy/internal@1.0.0": {
      "integrity": "1e17ccbcd5420093c0a93e5b3827bbdc9abac5195bacf187edc44665e54bdde6"
    },
    "@cliffy/table@1.0.0": {
      "integrity": "3fdaa9e1ef1ea62022108adabd826932bdea8dd05497079896febcd41322907f",
      "dependencies": [
        "jsr:@std/fmt"
      ]
    },
    "@std/assert@1.0.13": {
      "integrity": "ae0d31e41919b12c656c742b22522c32fb26ed0cba32975cb0de2a273cb68b29",
      "dependencies": [
        "jsr:@std/internal@^1.0.6"
      ]
    },
    "@std/assert@1.0.19": {
      "integrity": "eaada96ee120cb980bc47e040f82814d786fe8162ecc53c91d8df60b8755991e",
      "dependencies": [
        "jsr:@std/internal@^1.0.12"
      ]
    },
    "@std/async@1.2.0": {
      "integrity": "c059c6f6d95ca7cc012ae8e8d7164d1697113d54b0b679e4372b354b11c2dee5"
    },
    "@std/data-structures@1.0.10": {
      "integrity": "f574f86b0e07c69b9edc555fcc814b57d29258bad39fd5a34ba8a80ecf033cfe"
    },
    "@std/fmt@1.0.9": {
      "integrity": "2487343e8899fb2be5d0e3d35013e54477ada198854e52dd05ed0422eddcabe0"
    },
    "@std/fs@1.0.23": {
      "integrity": "3ecbae4ce4fee03b180fa710caff36bb5adb66631c46a6460aaad49515565a37",
      "dependencies": [
        "jsr:@std/path@^1.1.4"
      ]
    },
    "@std/internal@1.0.12": {
      "integrity": "972a634fd5bc34b242024402972cd5143eac68d8dffaca5eaa4dba30ce17b027"
    },
    "@std/path@1.1.4": {
      "integrity": "1d2d43f39efb1b42f0b1882a25486647cb851481862dc7313390b2bb044314b5",
      "dependencies": [
        "jsr:@std/internal@^1.0.12"
      ]
    },
    "@std/semver@1.0.8": {
      "integrity": "dc830e8b8b6a380c895d53fbfd1258dc253704ca57bbe1629ac65fd7830179b7"
    },
    "@std/testing@1.0.17": {
      "integrity": "87bdc2700fa98249d48a17cd72413352d3d3680dcfbdb64947fd0982d6bbf681",
      "dependencies": [
        "jsr:@std/assert@^1.0.17",
        "jsr:@std/async",
        "jsr:@std/data-structures",
        "jsr:@std/fs",
        "jsr:@std/internal@^1.0.12",
        "jsr:@std/path@^1.1.4"
      ]
    },
    "@std/text@1.0.17": {
      "integrity": "4b2c4ef67ae5b6c1dfd447c81c83a43718f52e3c7e748d8b33f694aba9895f95"
    },
    "@zip-js/zip-js@2.8.22": {
      "integrity": "d8609d060d129c48f3e7d789909e101dfed04ed1e79c32ed0bb6f6aaa6693903"
    }
  },
  "npm": {
    "@apidevtools/json-schema-ref-parser@11.9.3": {
      "integrity": "sha512-60vepv88RwcJtSHrD6MjIL6Ta3SOYbgfnkHb+ppAVK+o9mXprRtulx7VlRl3lN3bbvysAfCS7WMVfhUYemB0IQ==",
      "dependencies": [
        "@jsdevtools/ono",
        "@types/json-schema",
        "js-yaml"
      ]
    },
    "@aws-crypto/sha256-browser@5.2.0": {
      "integrity": "sha512-AXfN/lGotSQwu6HNcEsIASo7kWXZ5HYWvfOmSNKDsEqC4OashTp8alTmaz+F7TC2L083SFv5RdB+qU3Vs1kZqw==",
      "dependencies": [
        "@aws-crypto/sha256-js",
        "@aws-crypto/supports-web-crypto",
        "@aws-crypto/util",
        "@aws-sdk/types",
        "@aws-sdk/util-locate-window",
        "@smithy/util-utf8@2.3.0",
        "tslib"
      ]
    },
    "@aws-crypto/sha256-js@5.2.0": {
      "integrity": "sha512-FFQQyu7edu4ufvIZ+OadFpHHOt+eSTBaYaki44c+akjg7qZg9oOQeLlk77F6tSYqjDAFClrHJk9tMf0HdVyOvA==",
      "dependencies": [
        "@aws-crypto/util",
        "@aws-sdk/types",
        "tslib"
      ]
    },
    "@aws-crypto/supports-web-crypto@5.2.0": {
      "integrity": "sha512-iAvUotm021kM33eCdNfwIN//F77/IADDSs58i+MDaOqFrVjZo9bAal0NK7HurRuWLLpF1iLX7gbWrjHjeo+YFg==",
      "dependencies": [
        "tslib"
      ]
    },
    "@aws-crypto/util@5.2.0": {
      "integrity": "sha512-4RkU9EsI6ZpBve5fseQlGNUWKMa1RLPQ1dnjnQoe07ldfIzcsGb5hC5W0Dm7u423KWzawlrpbjXBrXCEv9zazQ==",
      "dependencies": [
        "@aws-sdk/types",
        "@smithy/util-utf8@2.3.0",
        "tslib"
      ]
    },
    "@aws-sdk/client-bedrock-agent-runtime@3.1090.0": {
      "integrity": "sha512-Rr1+ezVE/Oifm4ecgo2rUeyA33lDNAA5PJkVnUJSP/hZYYbhoq/VM7A2BudRGMzBV6zo2xiKFKkr0MLXHpsOkA==",
      "dependencies": [
        "@aws-sdk/core",
        "@aws-sdk/credential-provider-node",
        "@aws-sdk/types",
        "@smithy/core",
        "@smithy/fetch-http-handler",
        "@smithy/node-http-handler@4.12.1",
        "@smithy/types",
        "tslib"
      ]
    },
    "@aws-sdk/client-bedrock-agent-runtime@3.1127.0": {
      "integrity": "sha512-AUSbdHmXd2NH1px1/Qr9LKZeNWve76Kqk8/ySe/KScQcs2jlr8TMbHspUmkRVxH8SGieMaOSnWaFAkTd9fYrgA==",
      "dependencies": [
        "@aws-sdk/core",
        "@aws-sdk/credential-provider-node",
        "@aws-sdk/types",
        "@smithy/core",
        "@smithy/fetch-http-handler",
        "@smithy/node-http-handler@4.12.1",
        "@smithy/types",
        "tslib"
      ]
    },
    "@aws-sdk/client-bedrock-agent-runtime@3.1147.0": {
      "integrity": "sha512-ar9v3Z1jdmjwSvLB2AxElL99puRvNSKNPsx0WfZX7ybmaEsebt++movICpeITNNaiaKRIydqCjqPh+jQ6IFiBw==",
      "dependencies": [
        "@aws-sdk/core",
        "@aws-sdk/credential-provider-node",
        "@aws-sdk/types",
        "@smithy/core",
        "@smithy/fetch-http-handler",
        "@smithy/node-http-handler@4.12.1",
        "@smithy/types",
        "tslib"
      ]
    },
    "@aws-sdk/client-cloudcontrol@3.1021.0": {
      "integrity": "sha512-VbrIC3iT4OveHdkjYdMdwGk60YNOmN0OsL1QEuEjOwUmjq1aYRzgtjNb9fGR9a8CWhGA7yjqWDaUeNJ+wUGzMw==",
      "dependencies": [
        "@aws-crypto/sha256-browser",
        "@aws-crypto/sha256-js",
        "@aws-sdk/core",
        "@aws-sdk/credential-provider-node",
        "@aws-sdk/middleware-host-header",
        "@aws-sdk/middleware-logger",
        "@aws-sdk/middleware-recursion-detection",
        "@aws-sdk/middleware-user-agent",
        "@aws-sdk/region-config-resolver",
        "@aws-sdk/types",
        "@aws-sdk/util-endpoints",
        "@aws-sdk/util-user-agent-browser",
        "@aws-sdk/util-user-agent-node",
        "@smithy/config-resolver",
        "@smithy/core",
        "@smithy/fetch-http-handler",
        "@smithy/hash-node",
        "@smithy/invalid-dependency",
        "@smithy/middleware-content-length",
        "@smithy/middleware-endpoint",
        "@smithy/middleware-retry",
        "@smithy/middleware-serde",
        "@smithy/middleware-stack",
        "@smithy/node-config-provider",
        "@smithy/node-http-handler@4.12.1",
        "@smithy/protocol-http",
        "@smithy/smithy-client",
        "@smithy/types",
        "@smithy/url-parser",
        "@smithy/util-base64",
        "@smithy/util-body-length-browser",
        "@smithy/util-body-length-node",
        "@smithy/util-defaults-mode-browser",
        "@smithy/util-defaults-mode-node",
        "@smithy/util-endpoints",
        "@smithy/util-middleware",
        "@smithy/util-retry",
        "@smithy/util-utf8@4.3.2",
        "@smithy/util-waiter",
        "tslib"
      ]
    },
    "@aws-sdk/client-cloudcontrol@3.1090.0": {
      "integrity": "sha512-rJQPZmCmgtZsT03fN4kpmwXEIOSxh++G6E7sRiAxIQP2AYSE7ck+Y3XQ53x77lCUZr/Ma6L88GJbLZz49PsRjw==",
      "dependencies": [
        "@aws-sdk/core",
        "@aws-sdk/credential-provider-node",
        "@aws-sdk/types",
        "@smithy/core",
        "@smithy/fetch-http-handler",
        "@smithy/node-http-handler@4.12.1",
        "@smithy/types",
        "tslib"
      ]
    },
    "@aws-sdk/client-cloudcontrol@3.1127.0": {
      "integrity": "sha512-jphDQTfnCYKv6XBPWo++IFD3oAkzG6rB15w1xoVLs+zH3vDoBSOMG0BQzQeCQzPu/hy8x////Hg+xSnRlccSiQ==",
      "dependencies": [
        "@aws-sdk/core",
        "@aws-sdk/credential-provider-node",
        "@aws-sdk/types",
        "@smithy/core",
        "@smithy/fetch-http-handler",
        "@smithy/node-http-handler@4.12.1",
        "@smithy/types",
        "tslib"
      ]
    },
    "@aws-sdk/client-cloudcontrol@3.1147.0": {
      "integrity": "sha512-uQebi8b2TBAcB9N9VuWwenvVIv8vB0kGxtGVDdWPJzTcvZUDkFfGPsiAkxHNsBs65ei0s4vQ0Zw1xyecQmJq0A==",
      "dependencies": [
        "@aws-sdk/core",
        "@aws-sdk/credential-provider-node",
        "@aws-sdk/types",
        "@smithy/core",
        "@smithy/fetch-http-handler",
        "@smithy/node-http-handler@4.12.1",
        "@smithy/types",
        "tslib"
      ]
    },
    "@aws-sdk/client-cloudformation@3.1021.0": {
      "integrity": "sha512-SZXd1gLjyRLHf1FfID4gmGaDe/2lgwCl8LzBGeH21ol1mCL344PJK4aetQNmY51yfoInI9onVIGDf+8q/J/lpA==",
      "dependencies": [
        "@aws-crypto/sha256-browser",
        "@aws-crypto/sha256-js",
        "@aws-sdk/core",
        "@aws-sdk/credential-provider-node",
        "@aws-sdk/middleware-host-header",
        "@aws-sdk/middleware-logger",
        "@aws-sdk/middleware-recursion-detection",
        "@aws-sdk/middleware-user-agent",
        "@aws-sdk/region-config-resolver",
        "@aws-sdk/types",
        "@aws-sdk/util-endpoints",
        "@aws-sdk/util-user-agent-browser",
        "@aws-sdk/util-user-agent-node",
        "@smithy/config-resolver",
        "@smithy/core",
        "@smithy/fetch-http-handler",
        "@smithy/hash-node",
        "@smithy/invalid-dependency",
        "@smithy/middleware-content-length",
        "@smithy/middleware-endpoint",
        "@smithy/middleware-retry",
        "@smithy/middleware-serde",
        "@smithy/middleware-stack",
        "@smithy/node-config-provider",
        "@smithy/node-http-handler@4.12.1",
        "@smithy/protocol-http",
        "@smithy/smithy-client",
        "@smithy/types",
        "@smithy/url-parser",
        "@smithy/util-base64",
        "@smithy/util-body-length-browser",
        "@smithy/util-body-length-node",
        "@smithy/util-defaults-mode-browser",
        "@smithy/util-defaults-mode-node",
        "@smithy/util-endpoints",
        "@smithy/util-middleware",
        "@smithy/util-retry",
        "@smithy/util-utf8@4.3.2",
        "@smithy/util-waiter",
        "tslib"
      ]
    },
    "@aws-sdk/client-cloudformation@3.1090.0": {
      "integrity": "sha512-7ZAFfNm8xExJtJO8XxfZj1Gxt0xQ0SEFoxKRKqb3cFhMj9MfOKmPGi7BWGRsLHznGRCX9Q1QTgk58p/fTMEjfA==",
      "dependencies": [
        "@aws-sdk/core",
        "@aws-sdk/credential-provider-node",
        "@aws-sdk/types",
        "@smithy/core",
        "@smithy/fetch-http-handler",
        "@smithy/node-http-handler@4.12.1",
        "@smithy/types",
        "tslib"
      ]
    },
    "@aws-sdk/client-cloudformation@3.1127.0": {
      "integrity": "sha512-uWYCvCTWlIq5Q2WAmL0Zm1N0XjcBV2F1ayVUNXCIFOy5ldb4LxZqA6KGexSKPN+S6GE/RduCe28RkIQlbNUwxw==",
      "dependencies": [
        "@aws-sdk/core",
        "@aws-sdk/credential-provider-node",
        "@aws-sdk/types",
        "@smithy/core",
        "@smithy/fetch-http-handler",
        "@smithy/node-http-handler@4.12.1",
        "@smithy/types",
        "tslib"
      ]
    },
    "@aws-sdk/client-cloudformation@3.1147.0": {
      "integrity": "sha512-YtztphZQgrQlJDNxpclKiCC+Da+vv3zYDssobGgfPiqpmJQYCWWRdLEa3eJ+bg/k37pXNUwYmTER/XBfa6hXVQ==",
      "dependencies": [
        "@aws-sdk/core",
        "@aws-sdk/credential-provider-node",
        "@aws-sdk/types",
        "@smithy/core",
        "@smithy/fetch-http-handler",
        "@smithy/node-http-handler@4.12.1",
        "@smithy/types",
        "tslib"
      ]
    },
    "@aws-sdk/client-eventbridge@3.1127.0": {
      "integrity": "sha512-yD+qD5udDxaPqEqMjJc96PtMDRTCCd8mYEyxAn3vGc2nVurOui/LImMNZs09hNTDpbfe2yO1WzrDoZZXfvzABQ==",
      "dependencies": [
        "@aws-sdk/core",
        "@aws-sdk/credential-provider-node",
        "@aws-sdk/signature-v4-multi-region",
        "@aws-sdk/types",
        "@smithy/core",
        "@smithy/fetch-http-handler",
        "@smithy/node-http-handler@4.12.1",
        "@smithy/types",
        "tslib"
      ]
    },
    "@aws-sdk/client-eventbridge@3.1147.0": {
      "integrity": "sha512-KKfFF6vA67mM4h1siuU94ZADXxESRO/KsLQPU7JGm4AEirCQ5lX3QTDVB49yXaImfVjPhXlrnmzGJ5UkaJWJaw==",
      "dependencies": [
        "@aws-sdk/core",
        "@aws-sdk/credential-provider-node",
        "@aws-sdk/signature-v4-multi-region",
        "@aws-sdk/types",
        "@smithy/core",
        "@smithy/fetch-http-handler",
        "@smithy/node-http-handler@4.12.1",
        "@smithy/types",
        "tslib"
      ]
    },
    "@aws-sdk/client-rds@3.1021.0": {
      "integrity": "sha512-53+ZOQdSdQXCbmgZ7OmUY3sM8PHNi9hoCS1irKqvrfwPVnl+RZX7nf/641wE0McCmbPez0fFZefxGX58YBqmjw==",
      "dependencies": [
        "@aws-crypto/sha256-browser",
        "@aws-crypto/sha256-js",
        "@aws-sdk/core",
        "@aws-sdk/credential-provider-node",
        "@aws-sdk/middleware-host-header",
        "@aws-sdk/middleware-logger",
        "@aws-sdk/middleware-recursion-detection",
        "@aws-sdk/middleware-sdk-rds",
        "@aws-sdk/middleware-user-agent",
        "@aws-sdk/region-config-resolver",
        "@aws-sdk/types",
        "@aws-sdk/util-endpoints",
        "@aws-sdk/util-user-agent-browser",
        "@aws-sdk/util-user-agent-node",
        "@smithy/config-resolver",
        "@smithy/core",
        "@smithy/fetch-http-handler",
        "@smithy/hash-node",
        "@smithy/invalid-dependency",
        "@smithy/middleware-content-length",
        "@smithy/middleware-endpoint",
        "@smithy/middleware-retry",
        "@smithy/middleware-serde",
        "@smithy/middleware-stack",
        "@smithy/node-config-provider",
        "@smithy/node-http-handler@4.12.1",
        "@smithy/protocol-http",
        "@smithy/smithy-client",
        "@smithy/types",
        "@smithy/url-parser",
        "@smithy/util-base64",
        "@smithy/util-body-length-browser",
        "@smithy/util-body-length-node",
        "@smithy/util-defaults-mode-browser",
        "@smithy/util-defaults-mode-node",
        "@smithy/util-endpoints",
        "@smithy/util-middleware",
        "@smithy/util-retry",
        "@smithy/util-utf8@4.3.2",
        "@smithy/util-waiter",
        "tslib"
      ]
    },
    "@aws-sdk/core@3.978.1": {
      "integrity": "sha512-LbY9aGsEiznDWmUc30Nwv3aIX/+dbwTx8KfS0yOC3NPYMO+O91e6jkT1azf34FwjOndq8/Q+RcVVZz5xnerwdg==",
      "dependencies": [
        "@aws-sdk/types",
        "@aws-sdk/xml-builder",
        "@aws/lambda-invoke-store@0.3.0",
        "@smithy/core",
        "@smithy/signature-v4",
        "@smithy/types",
        "bowser",
        "tslib"
      ]
    },
    "@aws-sdk/credential-provider-env@3.972.72": {
      "integrity": "sha512-xTKO/FWJPozTIXbozVnVGoNBhaGba8TBcx+KyUjRVeOlXE+dUc7GTR1cLvu0uTdIdmemzaFbqqCshXeZA1fZew==",
      "dependencies": [
        "@aws-sdk/core",
        "@aws-sdk/types",
        "@smithy/core",
        "@smithy/types",
        "tslib"
      ]
    },
    "@aws-sdk/credential-provider-http@3.972.74": {
      "integrity": "sha512-u91E/hT8f4d1xy0Jl7VG4nVKJ3lxbrZkoBTeSVoJdWBiSEUMwMS/9+e0H/aJVQV//Lt5wuzP+E69v4aRSsNTmw==",
      "dependencies": [
        "@aws-sdk/core",
        "@aws-sdk/types",
        "@smithy/core",
        "@smithy/fetch-http-handler",
        "@smithy/node-http-handler@4.12.1",
        "@smithy/types",
        "tslib"
      ]
    },
    "@aws-sdk/credential-provider-ini@3.973.17": {
      "integrity": "sha512-ged4KXdBkvIC81bLvNHHuQKdKak/VXhQTR1NWYTTqW0474nlmsxy9O/vlgTIohDDWH3xpBdtVMZRyjb+DnocDA==",
      "dependencies": [
        "@aws-sdk/core",
        "@aws-sdk/credential-provider-env",
        "@aws-sdk/credential-provider-http",
        "@aws-sdk/credential-provider-login",
        "@aws-sdk/credential-provider-process",
        "@aws-sdk/credential-provider-sso",
        "@aws-sdk/credential-provider-web-identity",
        "@aws-sdk/nested-clients",
        "@aws-sdk/types",
        "@smithy/core",
        "@smithy/credential-provider-imds",
        "@smithy/types",
        "tslib"
      ]
    },
    "@aws-sdk/credential-provider-login@3.972.79": {
      "integrity": "sha512-L+Z85anONJd8MaiuraO4wRxATCdEejBZ3K3eymzWI5JPXa9sOS9CkIm72PBKqXKX+Z9p9NGMX5AIMXm0LEflgw==",
      "dependencies": [
        "@aws-sdk/core",
        "@aws-sdk/nested-clients",
        "@aws-sdk/types",
        "@smithy/core",
        "@smithy/types",
        "tslib"
      ]
    },
    "@aws-sdk/credential-provider-node@3.972.84": {
      "integrity": "sha512-oHt854odINVwzwsh+c5x69j0ajm4DbqqqVJ+O1ECsCIZeMDAbzFpXItaqP7UZstJj/ATdTk/KFSH0LaNAgV+kA==",
      "dependencies": [
        "@aws-sdk/credential-provider-env",
        "@aws-sdk/credential-provider-http",
        "@aws-sdk/credential-provider-ini",
        "@aws-sdk/credential-provider-process",
        "@aws-sdk/credential-provider-sso",
        "@aws-sdk/credential-provider-web-identity",
        "@aws-sdk/types",
        "@smithy/core",
        "@smithy/credential-provider-imds",
        "@smithy/types",
        "tslib"
      ]
    },
    "@aws-sdk/credential-provider-process@3.972.72": {
      "integrity": "sha512-rLIp2xbMjX/k9/od7APpqq1ZgXXnV0pOL1Th3ZsL8Wu0TRtBsDTVS8iPqcfRFcHakFxPvR04OSTv2ka2qOb/2A==",
      "dependencies": [
        "@aws-sdk/core",
        "@aws-sdk/types",
        "@smithy/core",
        "@smithy/types",
        "tslib"
      ]
    },
    "@aws-sdk/credential-provider-sso@3.973.16": {
      "integrity": "sha512-IGihaJfFZYacJJr/odqILCoK7W/mvrZ7cuK7ECn3sAu4vLC6u0V8bS7mCGbdugJ8Aum2tnvqmx0F2MRFp2rn9g==",
      "dependencies": [
        "@aws-sdk/core",
        "@aws-sdk/nested-clients",
        "@aws-sdk/token-providers",
        "@aws-sdk/types",
        "@smithy/core",
        "@smithy/types",
        "tslib"
      ]
    },
    "@aws-sdk/credential-provider-web-identity@3.972.78": {
      "integrity": "sha512-/y9WvNtlcPBGLR0qc1a+9J/xtYZfVczvLUOuXaVWylzttH7ewsxwHtjmiJSolNrVSDorIxHGHMU61CbonRkmwA==",
      "dependencies": [
        "@aws-sdk/core",
        "@aws-sdk/nested-clients",
        "@aws-sdk/types",
        "@smithy/core",
        "@smithy/types",
        "tslib"
      ]
    },
    "@aws-sdk/middleware-host-header@3.972.11": {
      "integrity": "sha512-CBC6+tVYaOJo7QXgN1zJ4Ba2f3/Cpy4eRViYFimXW/O5Mn8hBmgXXzHu4vy4ubT80YWnp8aCFygr7dTOa14yQg==",
      "dependencies": [
        "@aws-sdk/types",
        "@smithy/core",
        "@smithy/types",
        "tslib"
      ]
    },
    "@aws-sdk/middleware-logger@3.972.10": {
      "integrity": "sha512-OOuGvvz1Dm20SjZo5oEBePFqxt5nf8AwkNDSyUHvD9/bfNASmstcYxFAHUowy4n6Io7mWUZ04JURZwSBvyQanQ==",
      "dependencies": [
        "@aws-sdk/types",
        "@smithy/types",
        "tslib"
      ]
    },
    "@aws-sdk/middleware-recursion-detection@3.972.12": {
      "integrity": "sha512-5eltYxKB4MfdQv7/VhWxRbAVQKow5dz9votRFigTYrWJHMQXwLMltlbk7KFWSZh5NDBySfmjT7Jv/DWfYCmDng==",
      "dependencies": [
        "@aws-sdk/types",
        "@aws/lambda-invoke-store@0.2.4",
        "@smithy/core",
        "@smithy/types",
        "tslib"
      ]
    },
    "@aws-sdk/middleware-sdk-rds@3.972.22": {
      "integrity": "sha512-KTVGJ97G+cqFE9+Wgc/jMTqPFuZq0TTynw5kP43VDN1miiAvYUSf6kitBnmLCo1ayHGrlKQHpjE+fM5TL/BhJQ==",
      "dependencies": [
        "@aws-sdk/types",
        "@aws-sdk/util-format-url",
        "@smithy/middleware-endpoint",
        "@smithy/protocol-http",
        "@smithy/signature-v4",
        "@smithy/types",
        "tslib"
      ]
    },
    "@aws-sdk/middleware-user-agent@3.972.39": {
      "integrity": "sha512-MlNSvNsSVlMKKWaCzA0GP1nS4Cuq3WCXUN1vmMvd+Ctztib5kmRcpmTtKx9kikN8szAc+gcdp7uqJJervV2nQg==",
      "dependencies": [
        "@aws-sdk/core",
        "@aws-sdk/types",
        "@aws-sdk/util-endpoints",
        "@smithy/core",
        "@smithy/types",
        "tslib"
      ]
    },
    "@aws-sdk/nested-clients@3.997.46": {
      "integrity": "sha512-oRxtBcka/JGHGs9l9p9IVajGoTP8vTPmoAzdHGy4Qcy9P5vPnDf6nhIeM/COQNY9k/OahImTRaLkHftoXvfcmQ==",
      "dependencies": [
        "@aws-sdk/core",
        "@aws-sdk/signature-v4-multi-region",
        "@aws-sdk/types",
        "@smithy/core",
        "@smithy/fetch-http-handler",
        "@smithy/node-http-handler@4.12.1",
        "@smithy/types",
        "tslib"
      ]
    },
    "@aws-sdk/region-config-resolver@3.972.14": {
      "integrity": "sha512-VuLXVmm7+lKVxqFcOItPkXhjbJ02iUfxkxheRu41SfWf6/xrZup2A2SwHZos/LeQGu3SBHeqTQht80Uo3ienPA==",
      "dependencies": [
        "@aws-sdk/types",
        "@smithy/core",
        "@smithy/types",
        "tslib"
      ]
    },
    "@aws-sdk/signature-v4-multi-region@3.996.47": {
      "integrity": "sha512-Zk08macMvQTHzQJCLJVkOlviVoqwYMrpXv4lmLN7b7sAbiMoOK7Go0NYdR5UeF+MW8LIbRmwrNy9u/5VvX1U5g==",
      "dependencies": [
        "@aws-sdk/types",
        "@smithy/signature-v4",
        "@smithy/types",
        "tslib"
      ]
    },
    "@aws-sdk/token-providers@3.1138.0": {
      "integrity": "sha512-GpyAr0DD63YOEmYFM6Df+gJuIgC92MMTiBK4FTKfxii5MJ9ge20epR7LyroulscYlG89J+ZB2ivFDPjvfQhzdw==",
      "dependencies": [
        "@aws-sdk/core",
        "@aws-sdk/nested-clients",
        "@aws-sdk/types",
        "@smithy/core",
        "@smithy/types",
        "tslib"
      ]
    },
    "@aws-sdk/types@3.974.6": {
      "integrity": "sha512-v/clNZzZnDxGyvpHMOGpJKVXFAExJzUNAAjaWGdcx8QAcXLGwTaOkw33p5SHAi0YAioK32xB3hWwOekRVfmfKg==",
      "dependencies": [
        "@smithy/types",
        "tslib"
      ]
    },
    "@aws-sdk/util-endpoints@3.996.9": {
      "integrity": "sha512-ibx8Vd73rCTHekNGeXX8cpGWoBKbNAlwKHL3yjSxxttu5QnNDaSAM7/0MFYDjU31/F4lyrPoQcGirT0ew61xcg==",
      "dependencies": [
        "@aws-sdk/types",
        "@smithy/core",
        "@smithy/types",
        "tslib"
      ]
    },
    "@aws-sdk/util-format-url@3.972.10": {
      "integrity": "sha512-DEKiHNJVtNxdyTeQspzY+15Po/kHm6sF0Cs4HV9Q2+lplB63+DrvdeiSoOSdWEWAoO2RcY1veoXVDz2tWxWCgQ==",
      "dependencies": [
        "@aws-sdk/types",
        "@smithy/querystring-builder",
        "@smithy/types",
        "tslib"
      ]
    },
    "@aws-sdk/util-locate-window@3.965.5": {
      "integrity": "sha512-WhlJNNINQB+9qtLtZJcpQdgZw3SCDCpXdUJP7cToGwHbCWCnRckGlc6Bx/OhWwIYFNAn+FIydY8SZ0QmVu3xTQ==",
      "dependencies": [
        "tslib"
      ]
    },
    "@aws-sdk/util-user-agent-browser@3.972.11": {
      "integrity": "sha512-kq3RS6XQtHMrLFShbkem6h+8fxazB3jEIsbMC6aaSInOciRGE+eGAqTgJ+obO7Euo/pjM8thVqLiLISEH9X9DA==",
      "dependencies": [
        "@aws-sdk/types",
        "@smithy/types",
        "bowser",
        "tslib"
      ]
    },
    "@aws-sdk/util-user-agent-node@3.973.25": {
      "integrity": "sha512-066hKH/0nvV7x4ofV/iK9kz8r/qNfcR6rzuEOFqI2vQL/fcTTsDAbTw0jmXkyMzANK8ltQdALj19ns3zuOJiUw==",
      "dependencies": [
        "@aws-sdk/middleware-user-agent",
        "@aws-sdk/types",
        "@smithy/core",
        "@smithy/types",
        "tslib"
      ]
    },
    "@aws-sdk/xml-builder@3.972.41": {
      "integrity": "sha512-ctjVSyCMegrWfXlx6VqzSBFI6UqmQ5ZlnfMhdLIiWmhoH8UAQxSCP5N3OpG7X3k4LnS7ou74C4mt20+bfTW2aQ==",
      "dependencies": [
        "@smithy/types",
        "tslib"
      ]
    },
    "@aws/lambda-invoke-store@0.2.4": {
      "integrity": "sha512-iY8yvjE0y651BixKNPgmv1WrQc+GZ142sb0z4gYnChDDY2YqI4P/jsSopBWrKfAt7LOJAkOXt7rC/hms+WclQQ=="
    },
    "@aws/lambda-invoke-store@0.3.0": {
      "integrity": "sha512-sl4Bm6yiMNYrZKkqqDFWN0UfnWhlS8ivKxrYl+6t0gCLrqr8y3B2IqZZbFRkfaVVp7C/baApyh71P+LeE1A2sQ=="
    },
    "@jsdevtools/ono@7.1.3": {
      "integrity": "sha512-4JQNk+3mVzK3xh2rqd6RB4J46qUR19azEHBneZyTZM+c456qOrbbM/5xcR8huNCCcbVt7+UmizG6GuUvPvKUYg=="
    },
    "@smithy/config-resolver@4.5.1": {
      "integrity": "sha512-abXk3LhODsvRHsk0ZS9ztrg/fZatTa9Z/z4pgx65YSLR+rY6kvUG/1IgcDKEUciR8MfdnkT5oPeHJTy/HhzDIQ==",
      "dependencies": [
        "@smithy/core",
        "tslib"
      ]
    },
    "@smithy/core@3.35.1": {
      "integrity": "sha512-i4YPS4B6ts7bjn7UwLnGjiZdprOvHvgGobFZsYK3GIY3E5hIqtj0rReU69BcTpGp+fvtraSNXeG1l+jtJvF55w==",
      "dependencies": [
        "@smithy/types",
        "tslib"
      ]
    },
    "@smithy/credential-provider-imds@4.5.2": {
      "integrity": "sha512-A9uSdn72ozbRUSit0eib0TW7nXuNPlaeM0zcGkJ+nE6tFcSDbnmtwoxbTCFBukVQcszDAyvsd7+rTduPTXpygg==",
      "dependencies": [
        "@smithy/core",
        "@smithy/types",
        "tslib"
      ]
    },
    "@smithy/fetch-http-handler@5.8.0": {
      "integrity": "sha512-ycSJu3tFAQ4v04CBB0agqFMVsSQ1iG3yw+SpgxRqKfaURpQD4CZ8Wn0zPMmSnOuTpTh65Vz+EA0rMrw089wvkA==",
      "dependencies": [
        "@smithy/core",
        "@smithy/types",
        "tslib"
      ]
    },
    "@smithy/hash-node@4.3.1": {
      "integrity": "sha512-u0/zo11mg7yNneoYgTkH4sXwSmcBpbl49o4UNCtQ7hYsXxynsN25KYHmXzqi7TPk5HQL5klGnpU5koOY0O+9hw==",
      "dependencies": [
        "@smithy/core",
        "tslib"
      ]
    },
    "@smithy/invalid-dependency@4.3.1": {
      "integrity": "sha512-cLmwtDoulyZvRepAfyV+3rx5oMvuh51dbE+6En3vGC09j3uVSRt1U4oguNu32ub3soGX0oYtBs8E7S2Q4SxTqg==",
      "dependencies": [
        "@smithy/core",
        "tslib"
      ]
    },
    "@smithy/is-array-buffer@2.2.0": {
      "integrity": "sha512-GGP3O9QFD24uGeAXYUjwSTXARoqpZykHadOmA8G5vfJPK0/DC67qa//0qvqrJzL1xc8WQWX7/yc7fwudjPHPhA==",
      "dependencies": [
        "tslib"
      ]
    },
    "@smithy/middleware-content-length@4.3.1": {
      "integrity": "sha512-l4BUIP+wljW/Ar+0/QcGdmElI9lalrywfzNijXMBG34Z510FRzPyrDLx/blNTZOAm0C4Mvx5t/bf760CZo1ajg==",
      "dependencies": [
        "@smithy/core",
        "tslib"
      ]
    },
    "@smithy/middleware-endpoint@4.5.1": {
      "integrity": "sha512-qtqu5TS+8Y18ZDkJoiXN5AMW1G4JAg1+xytzpsUvIR5a4EUsgd5HQg12lekEHWpm2TDUmOgg+hBaHK7dvyWdkA==",
      "dependencies": [
        "@smithy/core",
        "tslib"
      ]
    },
    "@smithy/middleware-retry@4.6.1": {
      "integrity": "sha512-eTaQhxs0rfUuAkL2MSKrH8DTO7YCeAgrdN0B2/RAeuHmXQ+x52dk5qUBsi/jtcqe5LxItgq5AG5tI6Cp8c0sow==",
      "dependencies": [
        "@smithy/core",
        "tslib"
      ]
    },
    "@smithy/middleware-serde@4.3.1": {
      "integrity": "sha512-t7YtUe076zWVypVmy1rX91oKi2TFJCkpfFpfMhJFpEIRPP0iL9JxjeSyFQ+1bF45JUfDzOzslUJa150WcSrBug==",
      "dependencies": [
        "@smithy/core",
        "tslib"
      ]
    },
    "@smithy/middleware-stack@4.3.1": {
      "integrity": "sha512-1jKwiKZxCMQNqmp4uVPYA6r+MLGjEtH07gnOUdPgbnjuOIrl/0JY/ICdpQtFgeBsQ/Up01gnSv8GYEL0fb8yvg==",
      "dependencies": [
        "@smithy/core",
        "tslib"
      ]
    },
    "@smithy/node-config-provider@4.4.1": {
      "integrity": "sha512-q7tDJEJXcaSG/8TVpu2f2l9bzxTzDM9geWmltbzsY6Hfh3yiuXXTpLIO8+zwYASPPVFaTJpdKwjSSjdoDoccgw==",
      "dependencies": [
        "@smithy/core",
        "tslib"
      ]
    },
    "@smithy/node-http-handler@4.12.1": {
      "integrity": "sha512-ThMkboGeONWXAelq9FvGsuJC4rOi+qyC4/zhUF58xYpxUg5sQKx2VXZYJmtNjr4dSuBJ1HeJXETQILCz3wOHvw==",
      "dependencies": [
        "@smithy/core",
        "@smithy/types",
        "tslib"
      ]
    },
    "@smithy/node-http-handler@4.9.7": {
      "integrity": "sha512-wCU8HCLjAtAVqxxe0j2xff9LcEPw3yjBbg5IdQDIYFnxnPxbxcSLc7rgex7kqm9L/WYOnJEgaWQlfDkZleozMA==",
      "dependencies": [
        "@smithy/core",
        "@smithy/types",
        "tslib"
      ]
    },
    "@smithy/protocol-http@5.4.1": {
      "integrity": "sha512-8irPNCQgYxcSFp1aGcnDNFkTwSA+xPUaFq9V/v1+JXWu8sKr5b3cFmg2kBTkjkvypDmGeNffuNu0x5iqw1NoAw==",
      "dependencies": [
        "@smithy/core",
        "tslib"
      ]
    },
    "@smithy/querystring-builder@4.3.1": {
      "integrity": "sha512-toyi8sXPWDNoVH6yK7sXJ9dm5uxw2tWLCHzPy/t16Fvl62Es4vXQXzlilyNaw+DqFwxSlrFClh0rGLPUF2p9Lg==",
      "dependencies": [
        "@smithy/core",
        "tslib"
      ]
    },
    "@smithy/signature-v4@5.7.3": {
      "integrity": "sha512-7ImGm+FkHRLcBaRttIAMZ6bzJZWb2cJGoYjq46F2UjycujWzrL9GEN9h4w7eQyXJYnltrUhxbbieBAIRrdqpow==",
      "dependencies": [
        "@smithy/core",
        "@smithy/types",
        "tslib"
      ]
    },
    "@smithy/smithy-client@4.13.1": {
      "integrity": "sha512-IcznNM8Qd9u1X3oflp12tkzyOB4HbT+sfYWlWiyEysgNzSHoWcHUUsTT4y1jjDjtVuuVVQbYks+g1kVd7u1eGQ==",
      "dependencies": [
        "@smithy/core",
        "@smithy/types",
        "tslib"
      ]
    },
    "@smithy/types@4.19.0": {
      "integrity": "sha512-r7jh49VJxGerfAcTQA6gXcKc+98zOp/tqRwzYjgOE+iSQsP6cEU1hq2QzbuipmP68QtYdY9wKEhiCQZIzHgZ4Q==",
      "dependencies": [
        "tslib"
      ]
    },
    "@smithy/url-parser@4.3.1": {
      "integrity": "sha512-tuelFlF2PZR/wogFC58NIrPOv+Zna4N1+3kA161/33D1Gbwvl6Nh4WsAsW05ZyPp0O6CMGsdbb0S2b/qVjRMCw==",
      "dependencies": [
        "@smithy/core",
        "tslib"
      ]
    },
    "@smithy/util-base64@4.4.1": {
      "integrity": "sha512-fTHiwW2xbiRiWzfSk4IGAr3gNZCH4fuRYqt8+IuarsP/YON35576iVdePraZ6yJlFxlCL0eMec3/F7xYqoKzlg==",
      "dependencies": [
        "@smithy/core",
        "tslib"
      ]
    },
    "@smithy/util-body-length-browser@4.3.1": {
      "integrity": "sha512-1scg5t4nV3hV7CZs996/XHb80aDZ5YotH4NcvkW/w/rHj+cSz0aCIzwz8aUNKB4nCDPSHRCbrKoj+TvycYefmw==",
      "dependencies": [
        "@smithy/core",
        "tslib"
      ]
    },
    "@smithy/util-body-length-node@4.3.1": {
      "integrity": "sha512-VRC8MKVPKrgUYThTA7ughcKMfjW6/X92H0wXGJoda0Apw4O5xbXL0GMLz40DTWlsb5hh2iItk6+XL72uJdxYcw==",
      "dependencies": [
        "@smithy/core",
        "tslib"
      ]
    },
    "@smithy/util-buffer-from@2.2.0": {
      "integrity": "sha512-IJdWBbTcMQ6DA0gdNhh/BwrLkDR+ADW5Kr1aZmd4k3DIF6ezMV4R2NIAmT08wQJ3yUK82thHWmC/TnK/wpMMIA==",
      "dependencies": [
        "@smithy/is-array-buffer",
        "tslib"
      ]
    },
    "@smithy/util-defaults-mode-browser@4.4.1": {
      "integrity": "sha512-1rA7w+LjK1WJClsffC81Z/ZtjFt22QsKhBjUYEnZsGVS2nOTfOENKBzdg4SxhdwFvBCjcbpjscUfXOPwE3UHWQ==",
      "dependencies": [
        "@smithy/core",
        "tslib"
      ]
    },
    "@smithy/util-defaults-mode-node@4.3.1": {
      "integrity": "sha512-1fk1wfQHBenQD5NitVKOFgW0wsISYAFPIXGyStJWAeCtMyRhgHYvtJxBk2rwGWA0L5QX6oM6yeHSLKPFMk59ww==",
      "dependencies": [
        "@smithy/core",
        "tslib"
      ]
    },
    "@smithy/util-endpoints@3.5.1": {
      "integrity": "sha512-yORYzJD5zoGbSDkAACr0dIjDiSEA3X8h8lggDENl1dkKpCG0TQIoItPBqtvuJHzFFjRXumcoH+/09xIuixGyCw==",
      "dependencies": [
        "@smithy/core",
        "tslib"
      ]
    },
    "@smithy/util-middleware@4.3.1": {
      "integrity": "sha512-SRRMDcIgVXVhVbxviBaSZbuWuVW3jD08wv4ESV0V2oiw0Mki8TPVQ5IxwD3MvSTPg52QYsRP+JoMw5WdUdeWAg==",
      "dependencies": [
        "@smithy/core",
        "tslib"
      ]
    },
    "@smithy/util-retry@4.4.1": {
      "integrity": "sha512-qkgWgwn1xw0GoY9Ea/B6FrYSPfHA0zyOtJkokwxZuvucRf2+2lfTut6adi4e4Y7LEAaxsFG7r6i05mtDCxbHKA==",
      "dependencies": [
        "@smithy/core",
        "tslib"
      ]
    },
    "@smithy/util-utf8@2.3.0": {
      "integrity": "sha512-R8Rdn8Hy72KKcebgLiv8jQcQkXoLMOGGv5uI1/k0l+snqkOzQ1R0ChUBCxWMlBsFMekWjq0wRudIweFs7sKT5A==",
      "dependencies": [
        "@smithy/util-buffer-from",
        "tslib"
      ]
    },
    "@smithy/util-utf8@4.3.2": {
      "integrity": "sha512-Bswgu9zDwZRp5HBQKIaW6QrKrbwQ9RuOyAg2adsIjJTHA2SmE0XXBk+mYP82Ay6I3XzkY5lM7K9R0XZDFzJ3tw==",
      "dependencies": [
        "@smithy/core",
        "tslib"
      ]
    },
    "@smithy/util-waiter@4.4.1": {
      "integrity": "sha512-G/gWDykZNL0NVcd1qXkoKm45jxJECp6q53DSomM5QKMsyAMEsGksVq+HwgonqYxfFJEzzHi6ljtWKXVS1pl0/Q==",
      "dependencies": [
        "@smithy/core",
        "tslib"
      ]
    },
    "@types/json-schema@7.0.15": {
      "integrity": "sha512-5+fP8P8MFNC+AyZCDxrB2pkZFPGzqQWUzpSeuuVLvm8VMcorNYavBqoFcxK8bQz4Qsbn4oUEEem4wDLfcysGHA=="
    },
    "argparse@2.0.1": {
      "integrity": "sha512-8+9WqebbFzpX9OR+Wa6O29asIogeRMzcGtAINdpMHHyAg10f05aSFVBbcEqGf/PXw1EjAZ+q2/bEBg3DvurK3Q=="
    },
    "bowser@2.14.1": {
      "integrity": "sha512-tzPjzCxygAKWFOJP011oxFHs57HzIhOEracIgAePE4pqB3LikALKnSzUyU4MGs9/iCEUuHlAJTjTc5M+u7YEGg=="
    },
    "fast-json-patch@3.1.1": {
      "integrity": "sha512-vf6IHUX2SBcA+5/+4883dsIjpBTqmfBjmYiWK1savxQmFk4JfBMLa7ynTYOs1Rolp/T1betJxHiGD3g1Mn8lUQ=="
    },
    "js-yaml@4.1.1": {
      "integrity": "sha512-qQKT4zQxXl8lLwBtHMWwaTcGfFOZviOJet3Oy/xmGk2gZH677CJM9EvtfdSkgWcATZhj/55JZ0rmy3myCT5lsA==",
      "dependencies": [
        "argparse"
      ],
      "bin": true
    },
    "pluralize@8.0.0": {
      "integrity": "sha512-Nc3IT5yHzflTfbjgqWcCPpo7DaKy4FnpB0l/zCAW0Tc7jxAiuqSxHasntB3D7887LSrA93kDJ9IXovxJYxyLCA=="
    },
    "tslib@2.8.1": {
      "integrity": "sha512-oJFu94HQb+KVduSUQL7wnpmqnfmLsOA/nAh6b6EH0wCEoK0/mPeXU6c3wKDV83MkOuHPRHtSXKKU99IBazS/2w=="
    },
    "zod@4.3.6": {
      "integrity": "sha512-rftlrkhHZOcjDwkGlnUtZZkvaPHCsDATp4pGpuOOMDaTdDDXF91wuVDJoWoPsKX/3YPQ5fHuF3STjcYyKr+Qhg=="
    }
  },
  "workspace": {
    "dependencies": [
      "jsr:@cliffy/command@1.0.0",
      "jsr:@std/assert@1.0.13",
      "jsr:@std/path@1.1.4",
      "jsr:@std/testing@1.0.17",
      "jsr:@zip-js/zip-js@2.8.22",
      "npm:@apidevtools/json-schema-ref-parser@11.9.3",
      "npm:pluralize@8.0.0"
    ]
  }
}
