{
  "version": "5",
  "specifiers": {
    "npm:@aws-sdk/client-cloudcontrol@3.1021.0": "3.1021.0",
    "npm:fast-json-patch@3.1.1": "3.1.1",
    "npm:zod@4.3.6": "4.3.6"
  },
  "npm": {
    "@aws-crypto/crc32@5.2.0": {
      "integrity": "sha512-nLbCWqQNgUiwwtFsen1AdzAtvuLRsQS8rYgMuxCrdKf9kOssamGLuPwyTY9wyYblNr9+1XM8v6zoDTPPSIeANg==",
      "dependencies": [
        "@aws-crypto/util",
        "@aws-sdk/types",
        "tslib"
      ]
    },
    "@aws-crypto/sha256-browser@5.2.0": {
      "integrity": "sha512-AXfN/lGotSQwu6HNcEsIASo7kWXZ5HYWvfOmSNKDsEqC4OashTp8alTmaz+F7TC2L083SFv5RdB+qU3Vs1kZqw==",
      "dependencies": [
        "@aws-crypto/sha256-js",
        "@aws-crypto/supports-web-crypto",
        "@aws-crypto/util",
        "@aws-sdk/types",
        "@aws-sdk/util-locate-window",
        "@smithy/util-utf8@2.3.0",
        "tslib"
      ]
    },
    "@aws-crypto/sha256-js@5.2.0": {
      "integrity": "sha512-FFQQyu7edu4ufvIZ+OadFpHHOt+eSTBaYaki44c+akjg7qZg9oOQeLlk77F6tSYqjDAFClrHJk9tMf0HdVyOvA==",
      "dependencies": [
        "@aws-crypto/util",
        "@aws-sdk/types",
        "tslib"
      ]
    },
    "@aws-crypto/supports-web-crypto@5.2.0": {
      "integrity": "sha512-iAvUotm021kM33eCdNfwIN//F77/IADDSs58i+MDaOqFrVjZo9bAal0NK7HurRuWLLpF1iLX7gbWrjHjeo+YFg==",
      "dependencies": [
        "tslib"
      ]
    },
    "@aws-crypto/util@5.2.0": {
      "integrity": "sha512-4RkU9EsI6ZpBve5fseQlGNUWKMa1RLPQ1dnjnQoe07ldfIzcsGb5hC5W0Dm7u423KWzawlrpbjXBrXCEv9zazQ==",
      "dependencies": [
        "@aws-sdk/types",
        "@smithy/util-utf8@2.3.0",
        "tslib"
      ]
    },
    "@aws-sdk/client-cloudcontrol@3.1021.0": {
      "integrity": "sha512-VbrIC3iT4OveHdkjYdMdwGk60YNOmN0OsL1QEuEjOwUmjq1aYRzgtjNb9fGR9a8CWhGA7yjqWDaUeNJ+wUGzMw==",
      "dependencies": [
        "@aws-crypto/sha256-browser",
        "@aws-crypto/sha256-js",
        "@aws-sdk/core",
        "@aws-sdk/credential-provider-node",
        "@aws-sdk/middleware-host-header",
        "@aws-sdk/middleware-logger",
        "@aws-sdk/middleware-recursion-detection",
        "@aws-sdk/middleware-user-agent",
        "@aws-sdk/region-config-resolver",
        "@aws-sdk/types",
        "@aws-sdk/util-endpoints",
        "@aws-sdk/util-user-agent-browser",
        "@aws-sdk/util-user-agent-node",
        "@smithy/config-resolver",
        "@smithy/core",
        "@smithy/fetch-http-handler",
        "@smithy/hash-node",
        "@smithy/invalid-dependency",
        "@smithy/middleware-content-length",
        "@smithy/middleware-endpoint",
        "@smithy/middleware-retry",
        "@smithy/middleware-serde",
        "@smithy/middleware-stack",
        "@smithy/node-config-provider",
        "@smithy/node-http-handler",
        "@smithy/protocol-http",
        "@smithy/smithy-client",
        "@smithy/types",
        "@smithy/url-parser",
        "@smithy/util-base64",
        "@smithy/util-body-length-browser",
        "@smithy/util-body-length-node",
        "@smithy/util-defaults-mode-browser",
        "@smithy/util-defaults-mode-node",
        "@smithy/util-endpoints",
        "@smithy/util-middleware",
        "@smithy/util-retry",
        "@smithy/util-utf8@4.3.6",
        "@smithy/util-waiter",
        "tslib"
      ]
    },
    "@aws-sdk/core@3.974.20": {
      "integrity": "sha512-7sDi2B2N3mc3nf1nz6FyEx/FCrJ1N1QnBmraHHQNabFaeAh2IaOOLml48/rHOD1bICHgTRkbBgNTvUzEr5Z35g==",
      "dependencies": [
        "@aws-sdk/types",
        "@aws-sdk/xml-builder",
        "@aws/lambda-invoke-store",
        "@smithy/core",
        "@smithy/signature-v4",
        "@smithy/types",
        "bowser",
        "tslib"
      ]
    },
    "@aws-sdk/credential-provider-env@3.972.46": {
      "integrity": "sha512-+GPXVS2srMOlH74S+SmC1gVuP2TvUZ0siuC0onKO93q+udP+M72dmY8wJfVQ5CX9z/9X5A1HHwz5yRIGBtskvQ==",
      "dependencies": [
        "@aws-sdk/core",
        "@aws-sdk/types",
        "@smithy/core",
        "@smithy/types",
        "tslib"
      ]
    },
    "@aws-sdk/credential-provider-http@3.972.48": {
      "integrity": "sha512-fA5loSdlocacRxyUXtpoHSMuk5rsIKRDzQYVMnMxjcmFeZshaJlJ8lymy/hYKji6sne/UmNGj5pxuEs6kq/Qcg==",
      "dependencies": [
        "@aws-sdk/core",
        "@aws-sdk/types",
        "@smithy/core",
        "@smithy/fetch-http-handler",
        "@smithy/node-http-handler",
        "@smithy/types",
        "tslib"
      ]
    },
    "@aws-sdk/credential-provider-ini@3.972.53": {
      "integrity": "sha512-ZfdhIOR41q8TcWEnUac+gCOb+O2LBWdHLmjedXpXz4IEFW2ppNuFcm6p0sMTavpM+zD5TYfpH5Gp7guRyqSgsQ==",
      "dependencies": [
        "@aws-sdk/core",
        "@aws-sdk/credential-provider-env",
        "@aws-sdk/credential-provider-http",
        "@aws-sdk/credential-provider-login",
        "@aws-sdk/credential-provider-process",
        "@aws-sdk/credential-provider-sso",
        "@aws-sdk/credential-provider-web-identity",
        "@aws-sdk/nested-clients",
        "@aws-sdk/types",
        "@smithy/core",
        "@smithy/credential-provider-imds",
        "@smithy/types",
        "tslib"
      ]
    },
    "@aws-sdk/credential-provider-login@3.972.52": {
      "integrity": "sha512-9hu2oR0qH7Fst5Tzdx+UWxm+w5zCXtErTLtOOW5hwwQc170CLwOeniRxyFY6s9mHfGEfC5zFukNBdKBwJR8mhQ==",
      "dependencies": [
        "@aws-sdk/core",
        "@aws-sdk/nested-clients",
        "@aws-sdk/types",
        "@smithy/core",
        "@smithy/types",
        "tslib"
      ]
    },
    "@aws-sdk/credential-provider-node@3.972.55": {
      "integrity": "sha512-zMGLa/dhESVqmCD7mmIFFKSwSFrJGScvCXcjvBZEVOOMauFS5JRQvLTMukFpMEFWiV6dTAlsen2ATDBulLPtbg==",
      "dependencies": [
        "@aws-sdk/credential-provider-env",
        "@aws-sdk/credential-provider-http",
        "@aws-sdk/credential-provider-ini",
        "@aws-sdk/credential-provider-process",
        "@aws-sdk/credential-provider-sso",
        "@aws-sdk/credential-provider-web-identity",
        "@aws-sdk/types",
        "@smithy/core",
        "@smithy/credential-provider-imds",
        "@smithy/types",
        "tslib"
      ]
    },
    "@aws-sdk/credential-provider-process@3.972.46": {
      "integrity": "sha512-VUoNFBIjWrUN8NbFiQiuxQEgFjvziAlBRPK+ddh27aj65gk0BYu6bLZnrdrNZwpW6vAihtSUtEMQ1PUJ32QRPA==",
      "dependencies": [
        "@aws-sdk/core",
        "@aws-sdk/types",
        "@smithy/core",
        "@smithy/types",
        "tslib"
      ]
    },
    "@aws-sdk/credential-provider-sso@3.972.52": {
      "integrity": "sha512-nb2/n4o/HQf+FVpVbZe9vCTFngmuDoIsltMgLAtjixaKzvzhB4J8WSDFyWgnErgLHk55ctWH+I4PU+LIHhyffg==",
      "dependencies": [
        "@aws-sdk/core",
        "@aws-sdk/nested-clients",
        "@aws-sdk/token-providers",
        "@aws-sdk/types",
        "@smithy/core",
        "@smithy/types",
        "tslib"
      ]
    },
    "@aws-sdk/credential-provider-web-identity@3.972.52": {
      "integrity": "sha512-lKj6aRSGbqLmpYmM24bY7a1Xmfcq2vkE3hv8CSPYfc1yCu0BPu/XEJ1L4Fm61MsU6ULLNSG8UGsffNoFUBjESA==",
      "dependencies": [
        "@aws-sdk/core",
        "@aws-sdk/nested-clients",
        "@aws-sdk/types",
        "@smithy/core",
        "@smithy/types",
        "tslib"
      ]
    },
    "@aws-sdk/middleware-host-header@3.972.21": {
      "integrity": "sha512-+SRZL54/T9Ryxa/NmHM7WZAliU6wnfzeosT/+4IVuTgq0zSCpPx2j3yaEP4JFZlvWvoOCbKgr+4tBqSAG/dl5Q==",
      "dependencies": [
        "@aws-sdk/core",
        "tslib"
      ]
    },
    "@aws-sdk/middleware-logger@3.972.20": {
      "integrity": "sha512-8oOvo7XNDeOlwa5ys2Q0UTLCKmtvRiqf8rOU63lKniPmP3dnI5lnoy9dteZ79lxb9hmXCrO28aZMqds6C5AEoA==",
      "dependencies": [
        "@aws-sdk/core",
        "tslib"
      ]
    },
    "@aws-sdk/middleware-recursion-detection@3.972.22": {
      "integrity": "sha512-q4H/CoOYrTbyAW0d9RrHf9kTYKVXpAwoK0VEy3UT2Asad+6aa6vzQgz35dh20tRA7zlEo/Nsyjy9PVlHgdq0Vg==",
      "dependencies": [
        "@aws-sdk/core",
        "tslib"
      ]
    },
    "@aws-sdk/middleware-user-agent@3.972.50": {
      "integrity": "sha512-5JIDcDFWy3DUW95sOlXLbeb7RkGFUcNh1QidKsznqtlm5YGsXP0EGWaqzxBTvVmOhqKs2RmNmI6w9V/5dS3CLQ==",
      "dependencies": [
        "@aws-sdk/core",
        "tslib"
      ]
    },
    "@aws-sdk/nested-clients@3.997.20": {
      "integrity": "sha512-IYJuLpXp2DEILVQpQOy0PMpkftv0AHEOCn52o0atyOaumA0CdWQ3klPyXdViGYLbNpESsVFMVybvHUeZAuiGxA==",
      "dependencies": [
        "@aws-crypto/sha256-browser",
        "@aws-crypto/sha256-js",
        "@aws-sdk/core",
        "@aws-sdk/signature-v4-multi-region",
        "@aws-sdk/types",
        "@smithy/core",
        "@smithy/fetch-http-handler",
        "@smithy/node-http-handler",
        "@smithy/types",
        "tslib"
      ]
    },
    "@aws-sdk/region-config-resolver@3.972.24": {
      "integrity": "sha512-WY6uVMsq0EvxY4BcYhZmG2Ivd1EzNvZAqsXFlL3pTPMG0P4J83TYVQIs8P0nd5lc+Bp3llrYwggruvXzrfUtsQ==",
      "dependencies": [
        "@aws-sdk/core",
        "tslib"
      ]
    },
    "@aws-sdk/signature-v4-multi-region@3.996.34": {
      "integrity": "sha512-mx1L5qlumSOt/nKM3BFaHE2HVkWwz0i4Bw0pyYO42FfX/FeLlo8YI6csC0gSPprEk6fTIqI+CZN9RwUwKd5krQ==",
      "dependencies": [
        "@aws-sdk/types",
        "@smithy/signature-v4",
        "@smithy/types",
        "tslib"
      ]
    },
    "@aws-sdk/token-providers@3.1066.0": {
      "integrity": "sha512-UqEUJq7dqa44hneLDUcX7UJy95cg8YqEWyakRpvIPnrNS3Mq+UlQHgCDGu5pvwAPtlIW4qcYbvW6reG6++FyvA==",
      "dependencies": [
        "@aws-sdk/core",
        "@aws-sdk/nested-clients",
        "@aws-sdk/types",
        "@smithy/core",
        "@smithy/types",
        "tslib"
      ]
    },
    "@aws-sdk/types@3.973.12": {
      "integrity": "sha512-43ajd1NF0RMgX5k0hxCNUyEdrtFUsb2aHT2QvpktSC/2Eyb2Jr/JPVqdp0XIoaHWikZJq5tNWSLO6kB5q2eMCA==",
      "dependencies": [
        "@smithy/types",
        "tslib"
      ]
    },
    "@aws-sdk/util-endpoints@3.996.19": {
      "integrity": "sha512-W79LutZYmCV1WGe0UVGALMna3xLGP3wv2zLzrBEgc73CtzxKBxb5IpMedbS6Ej80LCknSgqFjsTtECG0IInckw==",
      "dependencies": [
        "@aws-sdk/core",
        "@smithy/core",
        "tslib"
      ]
    },
    "@aws-sdk/util-locate-window@3.965.7": {
      "integrity": "sha512-M0D6oIpohdNHjc7udzTHEQyot0+0iuA36jc2I9Hps+f/GtKi2HO/pyijQnCnNcwZqLB5+rtn81z3eZK/GyjAmA==",
      "dependencies": [
        "tslib"
      ]
    },
    "@aws-sdk/util-user-agent-browser@3.972.21": {
      "integrity": "sha512-Y9MPH4VZaIebwxiVK6dMzSt5L04oyNiK3NNwFe4qP5B2Hfo+pmEVpSJSa+gARPtcJeRyehUMPu5/I9DLdW0cBg==",
      "dependencies": [
        "@aws-sdk/core",
        "tslib"
      ]
    },
    "@aws-sdk/util-user-agent-node@3.973.36": {
      "integrity": "sha512-wsmSmHTrK9lV+5SKBekp1J7W6PufdZE08X0xv5Lz1OdgYRmyuYDy/++SslKdXhcVQjxLtzMTZaLqqLZmTx6OaQ==",
      "dependencies": [
        "@aws-sdk/core",
        "tslib"
      ]
    },
    "@aws-sdk/xml-builder@3.972.29": {
      "integrity": "sha512-fk0niuGFxfi8yIJuMVM4mhwObkiQSuwZFj3tAPrLVx64Pk3BkrEIpqjzHKY4hKoEBUD6Jg/S74Zj9jy+5F3DnQ==",
      "dependencies": [
        "@smithy/types",
        "fast-xml-parser",
        "tslib"
      ]
    },
    "@aws/lambda-invoke-store@0.2.4": {
      "integrity": "sha512-iY8yvjE0y651BixKNPgmv1WrQc+GZ142sb0z4gYnChDDY2YqI4P/jsSopBWrKfAt7LOJAkOXt7rC/hms+WclQQ=="
    },
    "@nodable/entities@2.2.0": {
      "integrity": "sha512-9uGyhaQavEUMC8AIddIjau4NsnsXhou+j5sBAGojCM1oxmQpVKTWR/9JxABD6UAv12vpIms55fPZKFQEhG6uBg=="
    },
    "@smithy/config-resolver@4.5.6": {
      "integrity": "sha512-AXbvUX9aNY2qCLOMCikpl1Df5w2CNFEqbEb6XafG81FJbAbB8avIT7BOx1KDqiO86J/38qKQ3YuakfAfY3iBkQ==",
      "dependencies": [
        "@smithy/core",
        "tslib"
      ]
    },
    "@smithy/core@3.24.6": {
      "integrity": "sha512-wBXDRup6UU97VKyaiRo8AssnfStPtG0oAAfpq/bC0a1YYau8pM86YB4kM6ccoVi1mS8l/UHbn9oDM+7uozr/ug==",
      "dependencies": [
        "@aws-crypto/crc32",
        "@smithy/types",
        "tslib"
      ]
    },
    "@smithy/credential-provider-imds@4.3.8": {
      "integrity": "sha512-5cAM+KZC02sTqDt6NaLXyu50M/GNMd1eTzDVR8Lb0BBsVtu7RWHo47VPPEEv1vt3Yub6uzr+M5FHC+GtoT0USg==",
      "dependencies": [
        "@smithy/core",
        "@smithy/types",
        "tslib"
      ]
    },
    "@smithy/fetch-http-handler@5.4.6": {
      "integrity": "sha512-FEwEYJ1jlBKdhe9TPzfghEi1bP55ZeEImlDkEa62bBBYzUcnB6RUCyuiS2mqKt6ZVjUbBgcNhzfIctH+Hevx9g==",
      "dependencies": [
        "@smithy/core",
        "@smithy/types",
        "tslib"
      ]
    },
    "@smithy/hash-node@4.3.6": {
      "integrity": "sha512-lIZyQ7gDxURrnfkjalM0lKmDnfZYuPzNBYlkza3czPTQNVYsg4e0o90Zx/RpxhamKKOGsQGCsopp0ULsJqltNQ==",
      "dependencies": [
        "@smithy/core",
        "tslib"
      ]
    },
    "@smithy/invalid-dependency@4.3.6": {
      "integrity": "sha512-jUH1Eth7Sgn4KPBX5OKYDRpNjzul7AzsIhxKXT1rHXPTSfY00/7Kb9RtNil5SDAlPPsxaUiesR/rql2wjackmw==",
      "dependencies": [
        "@smithy/core",
        "tslib"
      ]
    },
    "@smithy/is-array-buffer@2.2.0": {
      "integrity": "sha512-GGP3O9QFD24uGeAXYUjwSTXARoqpZykHadOmA8G5vfJPK0/DC67qa//0qvqrJzL1xc8WQWX7/yc7fwudjPHPhA==",
      "dependencies": [
        "tslib"
      ]
    },
    "@smithy/middleware-content-length@4.3.6": {
      "integrity": "sha512-nfpYCrzSFAgfIXmIHFTjOGNeTV3DVF5E5rfi3ZuNfsOjKSpePBOJF3rjyXlWYND0anvxVoqioIwClWCNdKt4Og==",
      "dependencies": [
        "@smithy/core",
        "tslib"
      ]
    },
    "@smithy/middleware-endpoint@4.5.6": {
      "integrity": "sha512-zdG5bJZOiM2PRgL2lwcgui6uwZ+s5y6Qsk/rk05Q69sZJT6oi1x+v8Kn++V/q9VY94EgOtEe5kivpu+eGau0wQ==",
      "dependencies": [
        "@smithy/core",
        "tslib"
      ]
    },
    "@smithy/middleware-retry@4.6.6": {
      "integrity": "sha512-MWppaYUlc+W4cU2JZnYuMFeOxCWbKO4A57BWti6aCb7hRBK3+CL6llADGpX084hjImsqr3EvCGewArOj7G81eA==",
      "dependencies": [
        "@smithy/core",
        "tslib"
      ]
    },
    "@smithy/middleware-serde@4.3.6": {
      "integrity": "sha512-I3fPVYKKEog3a3qdqt1nttP1NBuQOAlNoQxEp6j5pMogSx0HHfid63difhcDgslV6p1XsTXG6D6ieTe13ycJtQ==",
      "dependencies": [
        "@smithy/core",
        "tslib"
      ]
    },
    "@smithy/middleware-stack@4.3.6": {
      "integrity": "sha512-QhNiWfg47Kl4SJHmuQvnlzCtlD1eX1J7d/vuuttIE17Ra2YUKp9Srv5lCwa3OvoYaSNWMKYn0PjGIsfCLMJsEA==",
      "dependencies": [
        "@smithy/core",
        "tslib"
      ]
    },
    "@smithy/node-config-provider@4.4.6": {
      "integrity": "sha512-M+gG6eQ0y073mSmNB+erRXJvwpsqsN72ol2w6vcd8FEKeG7pqYK0JvzfVqONkPj2ElBB2pg+cU13I850b//Wag==",
      "dependencies": [
        "@smithy/core",
        "tslib"
      ]
    },
    "@smithy/node-http-handler@4.7.7": {
      "integrity": "sha512-ZAFvHXrEk6K180EVhmZVg8GU5pUH5BSFqRs27JW3j1qEFx9YyYwWFx17x/MHcjALYimGAji7qEOlF1++be+G5A==",
      "dependencies": [
        "@smithy/core",
        "@smithy/types",
        "tslib"
      ]
    },
    "@smithy/protocol-http@5.4.6": {
      "integrity": "sha512-H6S7NyaaL+7qO8kIL7VQ7KyrGnKXdllGzJqvtp3hvDen25UOydKV51qGDVK0UciW125jV3CoLJQy/ihc0OEC6A==",
      "dependencies": [
        "@smithy/core",
        "tslib"
      ]
    },
    "@smithy/signature-v4@5.4.6": {
      "integrity": "sha512-Ojg4B6oIDlIr1R86xCDJt1zJWnYa0VINmqdjfe9qxWjdRivHalZ3iSlQgVqYbW0MdpFOC5XfHEWsnbmdnpIILQ==",
      "dependencies": [
        "@smithy/core",
        "@smithy/types",
        "tslib"
      ]
    },
    "@smithy/smithy-client@4.13.6": {
      "integrity": "sha512-tAf35/JW/DvMlACcazcoIOKOV0JBqyOvxjPTEME9W+m9wLcE0G1rwADc7Ntu38rY5C9OH8jZjpo4tbtjmIjEBQ==",
      "dependencies": [
        "@smithy/core",
        "@smithy/types",
        "tslib"
      ]
    },
    "@smithy/types@4.14.3": {
      "integrity": "sha512-YupL0ZWmFtJexUN2cHzkvvF/b9pKrtAIfT1o7/oY/Ppu8IYeZ+lDPM5vZdQJaSeA132dJCqojjGC9NhXeF71VQ==",
      "dependencies": [
        "tslib"
      ]
    },
    "@smithy/url-parser@4.3.6": {
      "integrity": "sha512-9MRJzwUrlswwHogOR7raDcykuzojZn74qGdQdbEQLVaixlvJuMiIT0g/CejKcmAIgrUVs8brBrnGtmYmBc0iuA==",
      "dependencies": [
        "@smithy/core",
        "tslib"
      ]
    },
    "@smithy/util-base64@4.4.6": {
      "integrity": "sha512-V6ApAGvCQnb7Wy1Sy60AQc+7UOEaNQxvAXBLdMi5Zzm66cmX0srvfAxDmg7BGuJ+9H9ez0PPWS/AeFgWxwGavA==",
      "dependencies": [
        "@smithy/core",
        "tslib"
      ]
    },
    "@smithy/util-body-length-browser@4.3.6": {
      "integrity": "sha512-+3vGcNHuvzuFLVWL9/wJgucOuQWufhuGhb3oxVDj9SWFGtwkOmtC2nFUwVC2IJoPe45uhs6TAb8bgE4IXDSPzA==",
      "dependencies": [
        "@smithy/core",
        "tslib"
      ]
    },
    "@smithy/util-body-length-node@4.3.6": {
      "integrity": "sha512-T15zTQJ/xKYdS0/3CFckhz1QBbhxmhk/xjL6FKvHKgkJPN4E985If2FI9CcV2kh2v0sfiWMfXVEOKFbqgw4m4w==",
      "dependencies": [
        "@smithy/core",
        "tslib"
      ]
    },
    "@smithy/util-buffer-from@2.2.0": {
      "integrity": "sha512-IJdWBbTcMQ6DA0gdNhh/BwrLkDR+ADW5Kr1aZmd4k3DIF6ezMV4R2NIAmT08wQJ3yUK82thHWmC/TnK/wpMMIA==",
      "dependencies": [
        "@smithy/is-array-buffer",
        "tslib"
      ]
    },
    "@smithy/util-defaults-mode-browser@4.4.6": {
      "integrity": "sha512-dRCZKu05AL7KQWrVuRJPotfjCRnvGkCjV56XNP067CRfyTtvgi/Ygu44qrBKb814Hsa52bWwDJ+Vt3pd04BjPA==",
      "dependencies": [
        "@smithy/core",
        "tslib"
      ]
    },
    "@smithy/util-defaults-mode-node@4.3.6": {
      "integrity": "sha512-tTR8tayMoa0WeRhtMH7j3WpHUtggBXjh7rBdf7j6POYI69R85gpWBW6B32kaJRnlQU8+0gOGAzJj50S7SU1Egw==",
      "dependencies": [
        "@smithy/core",
        "tslib"
      ]
    },
    "@smithy/util-endpoints@3.5.6": {
      "integrity": "sha512-kaB41eVUYC7ajVWUsZRqagxwRaa3VupjQ/Z2Z2v/Vffh/gJ/fFOS25s6mTyR2Lw1FrnBbRWo1iShR9BhekpPeQ==",
      "dependencies": [
        "@smithy/core",
        "tslib"
      ]
    },
    "@smithy/util-middleware@4.3.6": {
      "integrity": "sha512-TrAgOcL63TRi7G92arTzq0n+VDrmZifwP1I1T9y2xU3lJpybsHdm33S2d3xaFfG0c8zJNIF9yYRqLSe6rbhH/A==",
      "dependencies": [
        "@smithy/core",
        "tslib"
      ]
    },
    "@smithy/util-retry@4.4.6": {
      "integrity": "sha512-E/kFnvWQL6rIPr0Ucjk8oDgJSkKx2bv0nJkJ/cB3ywys7xCqeL1AXP9liHjgYONdQ+MKw/xT06IQK3vgbtu2Ww==",
      "dependencies": [
        "@smithy/core",
        "tslib"
      ]
    },
    "@smithy/util-utf8@2.3.0": {
      "integrity": "sha512-R8Rdn8Hy72KKcebgLiv8jQcQkXoLMOGGv5uI1/k0l+snqkOzQ1R0ChUBCxWMlBsFMekWjq0wRudIweFs7sKT5A==",
      "dependencies": [
        "@smithy/util-buffer-from",
        "tslib"
      ]
    },
    "@smithy/util-utf8@4.3.6": {
      "integrity": "sha512-tAa4sePYB7mlJzdYbdBqdv37KwFKWixmM/r3ihcI0HFOVjf+a5oGvtcLXcGm4S1bY4DFsLAIOHgjubtp+oRufw==",
      "dependencies": [
        "@smithy/core",
        "tslib"
      ]
    },
    "@smithy/util-waiter@4.4.6": {
      "integrity": "sha512-oTt3OP9NcJkrySCSCCdSbP6XLSMNgOmt/ulaiYtb0Ng6tfEWtXQ1mwfyqmLd+GapmDUjbU2mgkf7QIq9H4ij/g==",
      "dependencies": [
        "@smithy/core",
        "tslib"
      ]
    },
    "anynum@1.0.0": {
      "integrity": "sha512-xjR9/zBVnUOP6ztMIIgShjsxui80nQUQH+5xJnvrYLs+90bF25/KJqaAi8mk+B4RDtX1Nspi6fmp4YTEts8SfA=="
    },
    "bowser@2.14.1": {
      "integrity": "sha512-tzPjzCxygAKWFOJP011oxFHs57HzIhOEracIgAePE4pqB3LikALKnSzUyU4MGs9/iCEUuHlAJTjTc5M+u7YEGg=="
    },
    "fast-json-patch@3.1.1": {
      "integrity": "sha512-vf6IHUX2SBcA+5/+4883dsIjpBTqmfBjmYiWK1savxQmFk4JfBMLa7ynTYOs1Rolp/T1betJxHiGD3g1Mn8lUQ=="
    },
    "fast-xml-builder@1.2.0": {
      "integrity": "sha512-00aAWieqff+ZJhsXA4g1g7M8k+7AYoMUUHF+/zFb5U6Uv/P0Vl4QZo84/IcufzYalLuEj9928bXN9PbbFzMF0Q==",
      "dependencies": [
        "path-expression-matcher",
        "xml-naming"
      ]
    },
    "fast-xml-parser@5.7.3": {
      "integrity": "sha512-C0AaNuC+mscy6vrAQKAc/rMq+zAPHodfHGZu4sGVehvAQt/JLG1O5zEcYcXSY5zSqr4YVgxsB+pHXTq0i7eDlg==",
      "dependencies": [
        "@nodable/entities",
        "fast-xml-builder",
        "path-expression-matcher",
        "strnum"
      ],
      "bin": true
    },
    "path-expression-matcher@1.5.0": {
      "integrity": "sha512-cbrerZV+6rvdQrrD+iGMcZFEiiSrbv9Tfdkvnusy6y0x0GKBXREFg/Y65GhIfm0tnLntThhzCnfKwp1WRjeCyQ=="
    },
    "strnum@2.4.0": {
      "integrity": "sha512-sHrVyWWdq28RbhjuJdZsA1SnGRJV6NiXbk6AXBxDOsgAcA+lmpUZCYjOdLBxkXMwis6RRe7dlZt4VlIWFVzkmg==",
      "dependencies": [
        "anynum"
      ]
    },
    "tslib@2.8.1": {
      "integrity": "sha512-oJFu94HQb+KVduSUQL7wnpmqnfmLsOA/nAh6b6EH0wCEoK0/mPeXU6c3wKDV83MkOuHPRHtSXKKU99IBazS/2w=="
    },
    "xml-naming@0.1.0": {
      "integrity": "sha512-k8KO9hrMyNk6tUWqUfkTEZbezRRpONVOzUTnc97VnCvyj6Tf9lyUR9EDAIeiVLv56jsMcoXEwjW8Kv5yPY52lw=="
    },
    "zod@4.3.6": {
      "integrity": "sha512-rftlrkhHZOcjDwkGlnUtZZkvaPHCsDATp4pGpuOOMDaTdDDXF91wuVDJoWoPsKX/3YPQ5fHuF3STjcYyKr+Qhg=="
    }
  },
  "workspace": {
    "dependencies": [
      "npm:@aws-sdk/client-cloudcontrol@3.1021.0",
      "npm:fast-json-patch@3.1.1",
      "npm:zod@4.3.6"
    ]
  }
}
